// !$*UTF8*$!
{
	archiveVersion = 1;
	classes = {
	};
	objectVersion = 46;
	objects = {

/* Begin PBXBuildFile section */
		4C66A2031C41920300B4BFDA /* AppDelegate.swift in Sources */ = {isa = PBXBuildFile; fileRef = 4C66A2021C41920300B4BFDA /* AppDelegate.swift */; };
		4C66A2051C41920300B4BFDA /* ViewController.swift in Sources */ = {isa = PBXBuildFile; fileRef = 4C66A2041C41920300B4BFDA /* ViewController.swift */; };
		4C66A2081C41920300B4BFDA /* Main.storyboard in Resources */ = {isa = PBXBuildFile; fileRef = 4C66A2061C41920300B4BFDA /* Main.storyboard */; };
		4C66A20A1C41920300B4BFDA /* Assets.xcassets in Resources */ = {isa = PBXBuildFile; fileRef = 4C66A2091C41920300B4BFDA /* Assets.xcassets */; };
		4C66A20D1C41920300B4BFDA /* LaunchScreen.storyboard in Resources */ = {isa = PBXBuildFile; fileRef = 4C66A20B1C41920300B4BFDA /* LaunchScreen.storyboard */; };
/* End PBXBuildFile section */

/* Begin PBXFileReference section */
		4C66A1FF1C41920300B4BFDA /* GetWell.app */ = {isa = PBXFileReference; explicitFileType = wrapper.application; includeInIndex = 0; path = GetWell.app; sourceTree = BUILT_PRODUCTS_DIR; };
		4C66A2021C41920300B4BFDA /* AppDelegate.swift */ = {isa = PBXFileReference; lastKnownFileType = sourcecode.swift; path = AppDelegate.swift; sourceTree = "<group>"; };
		4C66A2041C41920300B4BFDA /* ViewController.swift */ = {isa = PBXFileReference; lastKnownFileType = sourcecode.swift; path = ViewController.swift; sourceTree = "<group>"; };
		4C66A2071C41920300B4BFDA /* Base */ = {isa = PBXFileReference; lastKnownFileType = file.storyboard; name = Base; path = Base.lproj/Main.storyboard; sourceTree = "<group>"; };
		4C66A2091C41920300B4BFDA /* Assets.xcassets */ = {isa = PBXFileReference; lastKnownFileType = folder.assetcatalog; path = Assets.xcassets; sourceTree = "<group>"; };
		4C66A20C1C41920300B4BFDA /* Base */ = {isa = PBXFileReference; lastKnownFileType = file.storyboard; name = Base; path = Base.lproj/LaunchScreen.storyboard; sourceTree = "<group>"; };
		4C66A20E1C41920300B4BFDA /* Info.plist */ = {isa = PBXFileReference; lastKnownFileType = text.plist.xml; path = Info.plist; sourceTree = "<group>"; };
/* End PBXFileReference section */

/* Begin PBXFrameworksBuildPhase section */
		4C66A1FC1C41920300B4BFDA /* Frameworks */ = {
			isa = PBXFrameworksBuildPhase;
			buildActionMask = 2147483647;
			files = (
			);
			runOnlyForDeploymentPostprocessing = 0;
		};
/* End PBXFrameworksBuildPhase section */

/* Begin PBXGroup section */
		4C66A1F61C41920300B4BFDA = {
			isa = PBXGroup;
			children = (
				4C66A2011C41920300B4BFDA /* GetWell */,
				4C66A2001C41920300B4BFDA /* Products */,
			);
			sourceTree = "<group>";
		};
		4C66A2001C41920300B4BFDA /* Products */ = {
			isa = PBXGroup;
			children = (
				4C66A1FF1C41920300B4BFDA /* GetWell.app */,
			);
			name = Products;
			sourceTree = "<group>";
		};
		4C66A2011C41920300B4BFDA /* GetWell */ = {
			isa = PBXGroup;
			children = (
				4C66A2041C41920300B4BFDA /* ViewController.swift */,
				4C66A2061C41920300B4BFDA /* Main.storyboard */,
				4C66A2141C41921100B4BFDA /* Misc */,
			);
			path = GetWell;
			sourceTree = "<group>";
		};
		4C66A2141C41921100B4BFDA /* Misc */ = {
			isa = PBXGroup;
			children = (
				4C66A2021C41920300B4BFDA /* AppDelegate.swift */,
				4C66A2091C41920300B4BFDA /* Assets.xcassets */,
				4C66A20B1C41920300B4BFDA /* LaunchScreen.storyboard */,
				4C66A20E1C41920300B4BFDA /* Info.plist */,
			);
			name = Misc;
			sourceTree = "<group>";
		};
/* End PBXGroup section */

/* Begin PBXNativeTarget section */
		4C66A1FE1C41920300B4BFDA /* GetWell */ = {
			isa = PBXNativeTarget;
			buildConfigurationList = 4C66A2111C41920300B4BFDA /* Build configuration list for PBXNativeTarget "GetWell" */;
			buildPhases = (
				4C66A1FB1C41920300B4BFDA /* Sources */,
				4C66A1FC1C41920300B4BFDA /* Frameworks */,
				4C66A1FD1C41920300B4BFDA /* Resources */,
			);
			buildRules = (
			);
			dependencies = (
			);
			name = GetWell;
			productName = GetWell;
			productReference = 4C66A1FF1C41920300B4BFDA /* GetWell.app */;
			productType = "com.apple.product-type.application";
		};
/* End PBXNativeTarget section */

/* Begin PBXProject section */
		4C66A1F71C41920300B4BFDA /* Project object */ = {
			isa = PBXProject;
			attributes = {
				LastSwiftUpdateCheck = 0720;
				LastUpgradeCheck = 0720;
				ORGANIZATIONNAME = GetWell;
				TargetAttributes = {
					4C66A1FE1C41920300B4BFDA = {
						CreatedOnToolsVersion = 7.2;
						DevelopmentTeam = 32355P55NQ;
					};
				};
			};
			buildConfigurationList = 4C66A1FA1C41920300B4BFDA /* Build configuration list for PBXProject "GetWell" */;
			compatibilityVersion = "Xcode 3.2";
			developmentRegion = English;
			hasScannedForEncodings = 0;
			knownRegions = (
				en,
				Base,
			);
			mainGroup = 4C66A1F61C41920300B4BFDA;
			productRefGroup = 4C66A2001C41920300B4BFDA /* Products */;
			projectDirPath = "";
			projectRoot = "";
			targets = (
				4C66A1FE1C41920300B4BFDA /* GetWell */,
			);
		};
/* End PBXProject section */

/* Begin PBXResourcesBuildPhase section */
		4C66A1FD1C41920300B4BFDA /* Resources */ = {
			isa = PBXResourcesBuildPhase;
			buildActionMask = 2147483647;
			files = (
				4C66A20D1C41920300B4BFDA /* LaunchScreen.storyboard in Resources */,
				4C66A20A1C41920300B4BFDA /* Assets.xcassets in Resources */,
				4C66A2081C41920300B4BFDA /* Main.storyboard in Resources */,
			);
			runOnlyForDeploymentPostprocessing = 0;
		};
/* End PBXResourcesBuildPhase section */

/* Begin PBXSourcesBuildPhase section */
		4C66A1FB1C41920300B4BFDA /* Sources */ = {
			isa = PBXSourcesBuildPhase;
			buildActionMask = 2147483647;
			files = (
				4C66A2051C41920300B4BFDA /* ViewController.swift in Sources */,
				4C66A2031C41920300B4BFDA /* AppDelegate.swift in Sources */,
			);
			runOnlyForDeploymentPostprocessing = 0;
		};
/* End PBXSourcesBuildPhase section */

/* Begin PBXVariantGroup section */
		4C66A2061C41920300B4BFDA /* Main.storyboard */ = {
			isa = PBXVariantGroup;
			children = (
				4C66A2071C41920300B4BFDA /* Base */,
			);
			name = Main.storyboard;
			sourceTree = "<group>";
		};
		4C66A20B1C41920300B4BFDA /* LaunchScreen.storyboard */ = {
			isa = PBXVariantGroup;
			children = (
				4C66A20C1C41920300B4BFDA /* Base */,
			);
			name = LaunchScreen.storyboard;
			sourceTree = "<group>";
		};
/* End PBXVariantGroup section */

/* Begin XCBuildConfiguration section */
		4C66A20F1C41920300B4BFDA /* Debug */ = {
			isa = XCBuildConfiguration;
			buildSettings = {
				ALWAYS_SEARCH_USER_PATHS = NO;
				CLANG_CXX_LANGUAGE_STANDARD = "gnu++0x";
				CLANG_CXX_LIBRARY = "libc++";
				CLANG_ENABLE_MODULES = YES;
				CLANG_ENABLE_OBJC_ARC = YES;
				CLANG_WARN_BOOL_CONVERSION = YES;
				CLANG_WARN_CONSTANT_CONVERSION = YES;
				CLANG_WARN_DIRECT_OBJC_ISA_USAGE = YES_ERROR;
				CLANG_WARN_EMPTY_BODY = YES;
				CLANG_WARN_ENUM_CONVERSION = YES;
				CLANG_WARN_INT_CONVERSION = YES;
				CLANG_WARN_OBJC_ROOT_CLASS = YES_ERROR;
				CLANG_WARN_UNREACHABLE_CODE = YES;
				CLANG_WARN__DUPLICATE_METHOD_MATCH = YES;
				"CODE_SIGN_IDENTITY[sdk=iphoneos*]" = "iPhone Developer";
				COPY_PHASE_STRIP = NO;
				DEBUG_INFORMATION_FORMAT = dwarf;
				ENABLE_STRICT_OBJC_MSGSEND = YES;
				ENABLE_TESTABILITY = YES;
				GCC_C_LANGUAGE_STANDARD = gnu99;
				GCC_DYNAMIC_NO_PIC = NO;
				GCC_NO_COMMON_BLOCKS = YES;
				GCC_OPTIMIZATION_LEVEL = 0;
				GCC_PREPROCESSOR_DEFINITIONS = (
					"DEBUG=1",
					"$(inherited)",
				);
				GCC_WARN_64_TO_32_BIT_CONVERSION = YES;
				GCC_WARN_ABOUT_RETURN_TYPE = YES_ERROR;
				GCC_WARN_UNDECLARED_SELECTOR = YES;
				GCC_WARN_UNINITIALIZED_AUTOS = YES_AGGRESSIVE;
				GCC_WARN_UNUSED_FUNCTION = YES;
				GCC_WARN_UNUSED_VARIABLE = YES;
				IPHONEOS_DEPLOYMENT_TARGET = 9.2;
				MTL_ENABLE_DEBUG_INFO = YES;
				ONLY_ACTIVE_ARCH = YES;
				SDKROOT = iphoneos;
				SWIFT_OPTIMIZATION_LEVEL = "-Onone";
			};
			name = Debug;
		};
		4C66A2101C41920300B4BFDA /* Release */ = {
			isa = XCBuildConfiguration;
			buildSettings = {
				ALWAYS_SEARCH_USER_PATHS = NO;
				CLANG_CXX_LANGUAGE_STANDARD = "gnu++0x";
				CLANG_CXX_LIBRARY = "libc++";
				CLANG_ENABLE_MODULES = YES;
				CLANG_ENABLE_OBJC_ARC = YES;
				CLANG_WARN_BOOL_CONVERSION = YES;
				CLANG_WARN_CONSTANT_CONVERSION = YES;
				CLANG_WARN_DIRECT_OBJC_ISA_USAGE = YES_ERROR;
				CLANG_WARN_EMPTY_BODY = YES;
				CLANG_WARN_ENUM_CONVERSION = YES;
				CLANG_WARN_INT_CONVERSION = YES;
				CLANG_WARN_OBJC_ROOT_CLASS = YES_ERROR;
				CLANG_WARN_UNREACHABLE_CODE = YES;
				CLANG_WARN__DUPLICATE_METHOD_MATCH = YES;
				"CODE_SIGN_IDENTITY[sdk=iphoneos*]" = "iPhone Developer";
				COPY_PHASE_STRIP = NO;
				DEBUG_INFORMATION_FORMAT = "dwarf-with-dsym";
				ENABLE_NS_ASSERTIONS = NO;
				ENABLE_STRICT_OBJC_MSGSEND = YES;
				GCC_C_LANGUAGE_STANDARD = gnu99;
				GCC_NO_COMMON_BLOCKS = YES;
				GCC_WARN_64_TO_32_BIT_CONVERSION = YES;
				GCC_WARN_ABOUT_RETURN_TYPE = YES_ERROR;
				GCC_WARN_UNDECLARED_SELECTOR = YES;
				GCC_WARN_UNINITIALIZED_AUTOS = YES_AGGRESSIVE;
				GCC_WARN_UNUSED_FUNCTION = YES;
				GCC_WARN_UNUSED_VARIABLE = YES;
				IPHONEOS_DEPLOYMENT_TARGET = 9.2;
				MTL_ENABLE_DEBUG_INFO = NO;
				SDKROOT = iphoneos;
				VALIDATE_PRODUCT = YES;
			};
			name = Release;
		};
		4C66A2121C41920300B4BFDA /* Debug */ = {
			isa = XCBuildConfiguration;
			buildSettings = {
				ASSETCATALOG_COMPILER_APPICON_NAME = AppIcon;
				INFOPLIST_FILE = GetWell/Info.plist;
				LD_RUNPATH_SEARCH_PATHS = "$(inherited) @executable_path/Frameworks";
				PRODUCT_BUNDLE_IDENTIFIER = com.tiy.GetWell;
				PRODUCT_NAME = "$(TARGET_NAME)";
			};
			name = Debug;
		};
		4C66A2131C41920300B4BFDA /* Release */ = {
			isa = XCBuildConfiguration;
			buildSettings = {
				ASSETCATALOG_COMPILER_APPICON_NAME = AppIcon;
				INFOPLIST_FILE = GetWell/Info.plist;
				LD_RUNPATH_SEARCH_PATHS = "$(inherited) @executable_path/Frameworks";
				PRODUCT_BUNDLE_IDENTIFIER = com.tiy.GetWell;
				PRODUCT_NAME = "$(TARGET_NAME)";
			};
			name = Release;
		};
/* End XCBuildConfiguration section */

/* Begin XCConfigurationList section */
		4C66A1FA1C41920300B4BFDA /* Build configuration list for PBXProject "GetWell" */ = {
			isa = XCConfigurationList;
			buildConfigurations = (
				4C66A20F1C41920300B4BFDA /* Debug */,
				4C66A2101C41920300B4BFDA /* Release */,
			);
			defaultConfigurationIsVisible = 0;
			defaultConfigurationName = Release;
		};
		4C66A2111C41920300B4BFDA /* Build configuration list for PBXNativeTarget "GetWell" */ = {
			isa = XCConfigurationList;
			buildConfigurations = (
				4C66A2121C41920300B4BFDA /* Debug */,
				4C66A2131C41920300B4BFDA /* Release */,
			);
			defaultConfigurationIsVisible = 0;
		};
/* End XCConfigurationList section */
	};
	rootObject = 4C66A1F71C41920300B4BFDA /* Project object */;
}
