// !$*UTF8*$!
{
	archiveVersion = 1;
	classes = {
	};
	objectVersion = 46;
	objects = {

/* Begin PBXBuildFile section */
		4C66A2031C41920300B4BFDA /* AppDelegate.swift in Sources */ = {isa = PBXBuildFile; fileRef = 4C66A2021C41920300B4BFDA /* AppDelegate.swift */; };
		4C66A2081C41920300B4BFDA /* Main.storyboard in Resources */ = {isa = PBXBuildFile; fileRef = 4C66A2061C41920300B4BFDA /* Main.storyboard */; };
		4C66A20A1C41920300B4BFDA /* Assets.xcassets in Resources */ = {isa = PBXBuildFile; fileRef = 4C66A2091C41920300B4BFDA /* Assets.xcassets */; };
		4C66A20D1C41920300B4BFDA /* LaunchScreen.storyboard in Resources */ = {isa = PBXBuildFile; fileRef = 4C66A20B1C41920300B4BFDA /* LaunchScreen.storyboard */; };
		4C66A2201C41B12D00B4BFDA /* LoginViewController.swift in Sources */ = {isa = PBXBuildFile; fileRef = 4C66A2151C41B12D00B4BFDA /* LoginViewController.swift */; };
		4C66A2211C41B12D00B4BFDA /* MainViewController.swift in Sources */ = {isa = PBXBuildFile; fileRef = 4C66A2161C41B12D00B4BFDA /* MainViewController.swift */; };
		4C66A2221C41B12D00B4BFDA /* MapViewController.swift in Sources */ = {isa = PBXBuildFile; fileRef = 4C66A2171C41B12D00B4BFDA /* MapViewController.swift */; };
		4C66A2271C41B12D00B4BFDA /* MediaPlayerViewController.swift in Sources */ = {isa = PBXBuildFile; fileRef = 4C66A21C1C41B12D00B4BFDA /* MediaPlayerViewController.swift */; };
		4C66A2281C41B12D00B4BFDA /* PlaylistTableViewCell.swift in Sources */ = {isa = PBXBuildFile; fileRef = 4C66A21D1C41B12D00B4BFDA /* PlaylistTableViewCell.swift */; };
		4C66A2291C41B12D00B4BFDA /* PlaylistTableViewController.swift in Sources */ = {isa = PBXBuildFile; fileRef = 4C66A21E1C41B12D00B4BFDA /* PlaylistTableViewController.swift */; };
		4C66A22A1C41B12D00B4BFDA /* RecordingViewController.swift in Sources */ = {isa = PBXBuildFile; fileRef = 4C66A21F1C41B12D00B4BFDA /* RecordingViewController.swift */; };
		4C66A22C1C41B33300B4BFDA /* Song.swift in Sources */ = {isa = PBXBuildFile; fileRef = 4C66A22B1C41B33300B4BFDA /* Song.swift */; };
		4C66A22E1C41B35700B4BFDA /* RegisterViewController.swift in Sources */ = {isa = PBXBuildFile; fileRef = 4C66A22D1C41B35700B4BFDA /* RegisterViewController.swift */; };
		4C66A2321C41B39300B4BFDA /* SetReminderPopOverViewController.swift in Sources */ = {isa = PBXBuildFile; fileRef = 4C66A22F1C41B39300B4BFDA /* SetReminderPopOverViewController.swift */; };
		4C66A2331C41B39300B4BFDA /* TableViewCell.swift in Sources */ = {isa = PBXBuildFile; fileRef = 4C66A2301C41B39300B4BFDA /* TableViewCell.swift */; };
		4C66A2341C41B39300B4BFDA /* TableViewChkList.swift in Sources */ = {isa = PBXBuildFile; fileRef = 4C66A2311C41B39300B4BFDA /* TableViewChkList.swift */; };
		4C802BA21C42B6C300F5698C /* ParseHelper.swift in Sources */ = {isa = PBXBuildFile; fileRef = 4C802BA11C42B6C300F5698C /* ParseHelper.swift */; };
		4C802BA31C42BC0B00F5698C /* SessionOver.m4a in Resources */ = {isa = PBXBuildFile; fileRef = 4C802BA01C42B17400F5698C /* SessionOver.m4a */; };
		4CB28E0C1C4478A800EF25CD /* MyCoreDataModel.xcdatamodeld in Sources */ = {isa = PBXBuildFile; fileRef = 4CB28E0A1C4478A800EF25CD /* MyCoreDataModel.xcdatamodeld */; };
		4CB28E0F1C4479F300EF25CD /* DataController.swift in Sources */ = {isa = PBXBuildFile; fileRef = 4CB28E0E1C4479F300EF25CD /* DataController.swift */; };
		4CB28E121C447BCB00EF25CD /* Affirmation+CoreDataProperties.swift in Sources */ = {isa = PBXBuildFile; fileRef = 4CB28E101C447BCB00EF25CD /* Affirmation+CoreDataProperties.swift */; };
		4CB28E131C447BCB00EF25CD /* Affirmation.swift in Sources */ = {isa = PBXBuildFile; fileRef = 4CB28E111C447BCB00EF25CD /* Affirmation.swift */; };
		5DD63A731C41BA730063DCA4 /* cancelButton.png in Resources */ = {isa = PBXBuildFile; fileRef = 5DD63A5C1C41BA730063DCA4 /* cancelButton.png */; };
		5DD63A741C41BA730063DCA4 /* cancelButton@2x.png in Resources */ = {isa = PBXBuildFile; fileRef = 5DD63A5D1C41BA730063DCA4 /* cancelButton@2x.png */; };
		5DD63A751C41BA730063DCA4 /* cancelButton@3x.png in Resources */ = {isa = PBXBuildFile; fileRef = 5DD63A5E1C41BA730063DCA4 /* cancelButton@3x.png */; };
		5DD63A761C41BA730063DCA4 /* DownArrow.png in Resources */ = {isa = PBXBuildFile; fileRef = 5DD63A5F1C41BA730063DCA4 /* DownArrow.png */; };
		5DD63A771C41BA730063DCA4 /* gwArrow.png in Resources */ = {isa = PBXBuildFile; fileRef = 5DD63A601C41BA730063DCA4 /* gwArrow.png */; };
		5DD63A781C41BA730063DCA4 /* microphone2.png in Resources */ = {isa = PBXBuildFile; fileRef = 5DD63A611C41BA730063DCA4 /* microphone2.png */; };
		5DD63A791C41BA730063DCA4 /* NextB.png in Resources */ = {isa = PBXBuildFile; fileRef = 5DD63A631C41BA730063DCA4 /* NextB.png */; };
		5DD63A7A1C41BA730063DCA4 /* NextB@2x.png in Resources */ = {isa = PBXBuildFile; fileRef = 5DD63A641C41BA730063DCA4 /* NextB@2x.png */; };
		5DD63A7B1C41BA730063DCA4 /* NextBx@3x.png in Resources */ = {isa = PBXBuildFile; fileRef = 5DD63A651C41BA730063DCA4 /* NextBx@3x.png */; };
		5DD63A7C1C41BA730063DCA4 /* PlayPauseB.png in Resources */ = {isa = PBXBuildFile; fileRef = 5DD63A671C41BA730063DCA4 /* PlayPauseB.png */; };
		5DD63A7D1C41BA730063DCA4 /* PlayPauseB@2x.png in Resources */ = {isa = PBXBuildFile; fileRef = 5DD63A681C41BA730063DCA4 /* PlayPauseB@2x.png */; };
		5DD63A7E1C41BA730063DCA4 /* PlayPauseB@3x.png in Resources */ = {isa = PBXBuildFile; fileRef = 5DD63A691C41BA730063DCA4 /* PlayPauseB@3x.png */; };
		5DD63A7F1C41BA730063DCA4 /* PreviousB.png in Resources */ = {isa = PBXBuildFile; fileRef = 5DD63A6B1C41BA730063DCA4 /* PreviousB.png */; };
		5DD63A801C41BA730063DCA4 /* PreviousB@2x.png in Resources */ = {isa = PBXBuildFile; fileRef = 5DD63A6C1C41BA730063DCA4 /* PreviousB@2x.png */; };
		5DD63A811C41BA730063DCA4 /* PreviousB@3x.png in Resources */ = {isa = PBXBuildFile; fileRef = 5DD63A6D1C41BA730063DCA4 /* PreviousB@3x.png */; };
		5DD63A821C41BA730063DCA4 /* theReset.png in Resources */ = {isa = PBXBuildFile; fileRef = 5DD63A6F1C41BA730063DCA4 /* theReset.png */; };
		5DD63A831C41BA730063DCA4 /* theReset@2x.png in Resources */ = {isa = PBXBuildFile; fileRef = 5DD63A701C41BA730063DCA4 /* theReset@2x.png */; };
		5DD63A841C41BA730063DCA4 /* theReset@3x.png in Resources */ = {isa = PBXBuildFile; fileRef = 5DD63A711C41BA730063DCA4 /* theReset@3x.png */; };
		5DD63A851C41BA730063DCA4 /* soundicon.png in Resources */ = {isa = PBXBuildFile; fileRef = 5DD63A721C41BA730063DCA4 /* soundicon.png */; };
		5DD63A8D1C41BACC0063DCA4 /* checked@1x.png in Resources */ = {isa = PBXBuildFile; fileRef = 5DD63A871C41BACC0063DCA4 /* checked@1x.png */; };
		5DD63A8E1C41BACC0063DCA4 /* checked@2x.png in Resources */ = {isa = PBXBuildFile; fileRef = 5DD63A881C41BACC0063DCA4 /* checked@2x.png */; };
		5DD63A8F1C41BACC0063DCA4 /* checked@3x.png in Resources */ = {isa = PBXBuildFile; fileRef = 5DD63A891C41BACC0063DCA4 /* checked@3x.png */; };
		5DD63A901C41BACC0063DCA4 /* unchecked@1x.png in Resources */ = {isa = PBXBuildFile; fileRef = 5DD63A8A1C41BACC0063DCA4 /* unchecked@1x.png */; };
		5DD63A911C41BACC0063DCA4 /* unchecked@2x.png in Resources */ = {isa = PBXBuildFile; fileRef = 5DD63A8B1C41BACC0063DCA4 /* unchecked@2x.png */; };
		5DD63A921C41BACC0063DCA4 /* unchecked@3x.png in Resources */ = {isa = PBXBuildFile; fileRef = 5DD63A8C1C41BACC0063DCA4 /* unchecked@3x.png */; };
		5DD63A9B1C41BAE30063DCA4 /* Affirmation Page.jpg in Resources */ = {isa = PBXBuildFile; fileRef = 5DD63A941C41BAE30063DCA4 /* Affirmation Page.jpg */; };
		5DD63A9C1C41BAE30063DCA4 /* background.png in Resources */ = {isa = PBXBuildFile; fileRef = 5DD63A951C41BAE30063DCA4 /* background.png */; };
		5DD63A9D1C41BAE30063DCA4 /* GetWellLogin2.jpg in Resources */ = {isa = PBXBuildFile; fileRef = 5DD63A961C41BAE30063DCA4 /* GetWellLogin2.jpg */; };
		5DD63A9E1C41BAE30063DCA4 /* GetWellLogin2a.png in Resources */ = {isa = PBXBuildFile; fileRef = 5DD63A971C41BAE30063DCA4 /* GetWellLogin2a.png */; };
		5DD63A9F1C41BAE30063DCA4 /* GetWellSignUp22a.png in Resources */ = {isa = PBXBuildFile; fileRef = 5DD63A981C41BAE30063DCA4 /* GetWellSignUp22a.png */; };
		5DD63AA01C41BAE30063DCA4 /* GetWellSignUpFinal.png in Resources */ = {isa = PBXBuildFile; fileRef = 5DD63A991C41BAE30063DCA4 /* GetWellSignUpFinal.png */; };
		5DD63AA11C41BAE30063DCA4 /* newMediaSkin.jpg in Resources */ = {isa = PBXBuildFile; fileRef = 5DD63A9A1C41BAE30063DCA4 /* newMediaSkin.jpg */; };
		5DD63AA71C41BB070063DCA4 /* beginBreathing.png in Resources */ = {isa = PBXBuildFile; fileRef = 5DD63AA31C41BB070063DCA4 /* beginBreathing.png */; };
		5DD63AA81C41BB070063DCA4 /* clearMind.png in Resources */ = {isa = PBXBuildFile; fileRef = 5DD63AA41C41BB070063DCA4 /* clearMind.png */; };
		5DD63AA91C41BB070063DCA4 /* findYourMeditationImg2.png in Resources */ = {isa = PBXBuildFile; fileRef = 5DD63AA51C41BB070063DCA4 /* findYourMeditationImg2.png */; };
		5DD63AAA1C41BB070063DCA4 /* getComfortable.png in Resources */ = {isa = PBXBuildFile; fileRef = 5DD63AA61C41BB070063DCA4 /* getComfortable.png */; };
		5DD63AB21C41BB180063DCA4 /* Icon-40@2x.png in Resources */ = {isa = PBXBuildFile; fileRef = 5DD63AAC1C41BB180063DCA4 /* Icon-40@2x.png */; };
		5DD63AB31C41BB180063DCA4 /* Icon-60@2x.png in Resources */ = {isa = PBXBuildFile; fileRef = 5DD63AAD1C41BB180063DCA4 /* Icon-60@2x.png */; };
		5DD63AB41C41BB180063DCA4 /* Icon-60@3x.png in Resources */ = {isa = PBXBuildFile; fileRef = 5DD63AAE1C41BB180063DCA4 /* Icon-60@3x.png */; };
		5DD63AB51C41BB180063DCA4 /* loadingIcon4.png in Resources */ = {isa = PBXBuildFile; fileRef = 5DD63AAF1C41BB180063DCA4 /* loadingIcon4.png */; };
		5DD63AB61C41BB180063DCA4 /* searchYogaButton.png in Resources */ = {isa = PBXBuildFile; fileRef = 5DD63AB01C41BB180063DCA4 /* searchYogaButton.png */; };
		5DD63AB71C41BB180063DCA4 /* searchYogaButton2.png in Resources */ = {isa = PBXBuildFile; fileRef = 5DD63AB11C41BB180063DCA4 /* searchYogaButton2.png */; };
		5DD63AC81C41BB4E0063DCA4 /* newBeachImg.png in Resources */ = {isa = PBXBuildFile; fileRef = 5DD63AB91C41BB4E0063DCA4 /* newBeachImg.png */; };
		5DD63AC91C41BB4E0063DCA4 /* newBirdsImg.png in Resources */ = {isa = PBXBuildFile; fileRef = 5DD63ABA1C41BB4E0063DCA4 /* newBirdsImg.png */; };
		5DD63ACA1C41BB4E0063DCA4 /* newCalmAffirmation.png in Resources */ = {isa = PBXBuildFile; fileRef = 5DD63ABB1C41BB4E0063DCA4 /* newCalmAffirmation.png */; };
		5DD63ACB1C41BB4E0063DCA4 /* newChillImg.png in Resources */ = {isa = PBXBuildFile; fileRef = 5DD63ABC1C41BB4E0063DCA4 /* newChillImg.png */; };
		5DD63ACC1C41BB4E0063DCA4 /* newCreekImg.png in Resources */ = {isa = PBXBuildFile; fileRef = 5DD63ABD1C41BB4E0063DCA4 /* newCreekImg.png */; };
		5DD63ACD1C41BB4E0063DCA4 /* newForestImg.png in Resources */ = {isa = PBXBuildFile; fileRef = 5DD63ABE1C41BB4E0063DCA4 /* newForestImg.png */; };
		5DD63ACE1C41BB4E0063DCA4 /* newHeavyRain.png in Resources */ = {isa = PBXBuildFile; fileRef = 5DD63ABF1C41BB4E0063DCA4 /* newHeavyRain.png */; };
		5DD63ACF1C41BB4E0063DCA4 /* newMindPowerImg.png in Resources */ = {isa = PBXBuildFile; fileRef = 5DD63AC01C41BB4E0063DCA4 /* newMindPowerImg.png */; };
		5DD63AD01C41BB4E0063DCA4 /* newRainImg.png in Resources */ = {isa = PBXBuildFile; fileRef = 5DD63AC11C41BB4E0063DCA4 /* newRainImg.png */; };
		5DD63AD11C41BB4E0063DCA4 /* newRelaxingImg.png in Resources */ = {isa = PBXBuildFile; fileRef = 5DD63AC21C41BB4E0063DCA4 /* newRelaxingImg.png */; };
		5DD63AD21C41BB4E0063DCA4 /* newRooftopImg.png in Resources */ = {isa = PBXBuildFile; fileRef = 5DD63AC31C41BB4E0063DCA4 /* newRooftopImg.png */; };
		5DD63AD31C41BB4E0063DCA4 /* newSnowStormImg.png in Resources */ = {isa = PBXBuildFile; fileRef = 5DD63AC41C41BB4E0063DCA4 /* newSnowStormImg.png */; };
		5DD63AD41C41BB4E0063DCA4 /* newThunderImg.png in Resources */ = {isa = PBXBuildFile; fileRef = 5DD63AC51C41BB4E0063DCA4 /* newThunderImg.png */; };
		5DD63AD51C41BB4E0063DCA4 /* newTomorrowImg.png in Resources */ = {isa = PBXBuildFile; fileRef = 5DD63AC61C41BB4E0063DCA4 /* newTomorrowImg.png */; };
		5DD63AD61C41BB4E0063DCA4 /* newWindLeavesImg.png in Resources */ = {isa = PBXBuildFile; fileRef = 5DD63AC71C41BB4E0063DCA4 /* newWindLeavesImg.png */; };
		5DD63AD81C41BB830063DCA4 /* betterdaysahead.mp3 in Resources */ = {isa = PBXBuildFile; fileRef = 5DD63AD71C41BB830063DCA4 /* betterdaysahead.mp3 */; };
		5DD63ADA1C41BB940063DCA4 /* busygreenforest.mp3 in Resources */ = {isa = PBXBuildFile; fileRef = 5DD63AD91C41BB940063DCA4 /* busygreenforest.mp3 */; };
		5DD63ADC1C41BBA10063DCA4 /* calmPeace.mp3 in Resources */ = {isa = PBXBuildFile; fileRef = 5DD63ADB1C41BBA10063DCA4 /* calmPeace.mp3 */; };
		5DD63ADE1C41BBB00063DCA4 /* coldsnowstorm.mp3 in Resources */ = {isa = PBXBuildFile; fileRef = 5DD63ADD1C41BBB00063DCA4 /* coldsnowstorm.mp3 */; };
		5DD63AE01C41BBC00063DCA4 /* gentlewetcreek.mp3 in Resources */ = {isa = PBXBuildFile; fileRef = 5DD63ADF1C41BBC00063DCA4 /* gentlewetcreek.mp3 */; };
		5DD63AE21C41BBCC0063DCA4 /* gwNewMindPower.mp3 in Resources */ = {isa = PBXBuildFile; fileRef = 5DD63AE11C41BBCC0063DCA4 /* gwNewMindPower.mp3 */; };
		5DD63AE41C41BBDA0063DCA4 /* heavywetrain.mp3 in Resources */ = {isa = PBXBuildFile; fileRef = 5DD63AE31C41BBDA0063DCA4 /* heavywetrain.mp3 */; };
		5DD63AE61C41BBE60063DCA4 /* leaveswind.mp3 in Resources */ = {isa = PBXBuildFile; fileRef = 5DD63AE51C41BBE60063DCA4 /* leaveswind.mp3 */; };
		5DD63AE81C41BBF70063DCA4 /* littlebirds.mp3 in Resources */ = {isa = PBXBuildFile; fileRef = 5DD63AE71C41BBF70063DCA4 /* littlebirds.mp3 */; };
		5DD63AEA1C41BC090063DCA4 /* mytomorrow.mp3 in Resources */ = {isa = PBXBuildFile; fileRef = 5DD63AE91C41BC090063DCA4 /* mytomorrow.mp3 */; };
		5DD63AEC1C41BC190063DCA4 /* rainOntheRooftop.mp3 in Resources */ = {isa = PBXBuildFile; fileRef = 5DD63AEB1C41BC190063DCA4 /* rainOntheRooftop.mp3 */; };
		5DD63AEE1C41BC280063DCA4 /* rainy.mp3 in Resources */ = {isa = PBXBuildFile; fileRef = 5DD63AED1C41BC280063DCA4 /* rainy.mp3 */; };
		5DD63AF01C41BC340063DCA4 /* relaxingnovember.mp3 in Resources */ = {isa = PBXBuildFile; fileRef = 5DD63AEF1C41BC340063DCA4 /* relaxingnovember.mp3 */; };
		5DD63AF21C41BC470063DCA4 /* thebeautifulbeach.mp3 in Resources */ = {isa = PBXBuildFile; fileRef = 5DD63AF11C41BC470063DCA4 /* thebeautifulbeach.mp3 */; };
		5DD63AF41C41BC550063DCA4 /* thunderlight.mp3 in Resources */ = {isa = PBXBuildFile; fileRef = 5DD63AF31C41BC550063DCA4 /* thunderlight.mp3 */; };
		5DD63AF71C41C3BC0063DCA4 /* mainProfileImg.png in Resources */ = {isa = PBXBuildFile; fileRef = 5DD63AF61C41C3BC0063DCA4 /* mainProfileImg.png */; };
		5DD63AF91C41EA2D0063DCA4 /* mainImage2.png in Resources */ = {isa = PBXBuildFile; fileRef = 5DD63AF81C41EA2D0063DCA4 /* mainImage2.png */; };
		5DD63B031C41F2A90063DCA4 /* calendarImage2.png in Resources */ = {isa = PBXBuildFile; fileRef = 5DD63B021C41F2A90063DCA4 /* calendarImage2.png */; };
		5DD63B0B1C4209230063DCA4 /* uUncheckeD.png in Resources */ = {isa = PBXBuildFile; fileRef = 5DD63B0A1C4209230063DCA4 /* uUncheckeD.png */; };
		5DD63B0D1C4209E90063DCA4 /* cHheckeD.png in Resources */ = {isa = PBXBuildFile; fileRef = 5DD63B0C1C4209E90063DCA4 /* cHheckeD.png */; };
		5DD63B0F1C4217610063DCA4 /* Checklist.swift in Sources */ = {isa = PBXBuildFile; fileRef = 5DD63B0E1C4217610063DCA4 /* Checklist.swift */; };
		5DD63B111C421F550063DCA4 /* newMediaSkin2.png in Resources */ = {isa = PBXBuildFile; fileRef = 5DD63B101C421F550063DCA4 /* newMediaSkin2.png */; };
		5DD63B1A1C423FCC0063DCA4 /* newCancelButton.png in Resources */ = {isa = PBXBuildFile; fileRef = 5DD63B121C423FCC0063DCA4 /* newCancelButton.png */; };
		5DD63B1B1C423FCC0063DCA4 /* newGwArrow.png in Resources */ = {isa = PBXBuildFile; fileRef = 5DD63B131C423FCC0063DCA4 /* newGwArrow.png */; };
		5DD63B1C1C423FCC0063DCA4 /* newMicrophone.png in Resources */ = {isa = PBXBuildFile; fileRef = 5DD63B141C423FCC0063DCA4 /* newMicrophone.png */; };
		5DD63B1D1C423FCC0063DCA4 /* newNext.png in Resources */ = {isa = PBXBuildFile; fileRef = 5DD63B151C423FCC0063DCA4 /* newNext.png */; };
		5DD63B1E1C423FCC0063DCA4 /* newPlay.png in Resources */ = {isa = PBXBuildFile; fileRef = 5DD63B161C423FCC0063DCA4 /* newPlay.png */; };
		5DD63B1F1C423FCC0063DCA4 /* newPrevious.png in Resources */ = {isa = PBXBuildFile; fileRef = 5DD63B171C423FCC0063DCA4 /* newPrevious.png */; };
		5DD63B201C423FCC0063DCA4 /* newReset.png in Resources */ = {isa = PBXBuildFile; fileRef = 5DD63B181C423FCC0063DCA4 /* newReset.png */; };
		5DD63B211C423FCC0063DCA4 /* newSoundIcon.png in Resources */ = {isa = PBXBuildFile; fileRef = 5DD63B191C423FCC0063DCA4 /* newSoundIcon.png */; };
		5DD63B261C42418B0063DCA4 /* newCancelButtonA.png in Resources */ = {isa = PBXBuildFile; fileRef = 5DD63B221C42418B0063DCA4 /* newCancelButtonA.png */; };
		5DD63B271C42418B0063DCA4 /* newGwArrowA.png in Resources */ = {isa = PBXBuildFile; fileRef = 5DD63B231C42418B0063DCA4 /* newGwArrowA.png */; };
		5DD63B281C42418B0063DCA4 /* newMicrophoneA.png in Resources */ = {isa = PBXBuildFile; fileRef = 5DD63B241C42418B0063DCA4 /* newMicrophoneA.png */; };
		5DD63B291C42418B0063DCA4 /* newResetA.png in Resources */ = {isa = PBXBuildFile; fileRef = 5DD63B251C42418B0063DCA4 /* newResetA.png */; };
		5DD63B2B1C4244790063DCA4 /* newMicrophoneb.png in Resources */ = {isa = PBXBuildFile; fileRef = 5DD63B2A1C4244790063DCA4 /* newMicrophoneb.png */; };
		5DD63B2D1C4244F90063DCA4 /* newMicrophoneC.png in Resources */ = {isa = PBXBuildFile; fileRef = 5DD63B2C1C4244F90063DCA4 /* newMicrophoneC.png */; };
		5DD63B2F1C4245A80063DCA4 /* newMicrophoneD.png in Resources */ = {isa = PBXBuildFile; fileRef = 5DD63B2E1C4245A80063DCA4 /* newMicrophoneD.png */; };
		5DD63B311C42461F0063DCA4 /* newMicrophoneE.png in Resources */ = {isa = PBXBuildFile; fileRef = 5DD63B301C42461F0063DCA4 /* newMicrophoneE.png */; };
		5DD63B331C4246F00063DCA4 /* myMicrophone2.png in Resources */ = {isa = PBXBuildFile; fileRef = 5DD63B321C4246F00063DCA4 /* myMicrophone2.png */; };
		5DD63B351C4248650063DCA4 /* stopButton.png in Resources */ = {isa = PBXBuildFile; fileRef = 5DD63B341C4248650063DCA4 /* stopButton.png */; };
		E1281FCAC358DC7ECD4396D8 /* libPods-GetWell.a in Frameworks */ = {isa = PBXBuildFile; fileRef = C0AB3C58CCC35B4189BB3E31 /* libPods-GetWell.a */; };
/* End PBXBuildFile section */

/* Begin PBXFileReference section */
		4C66A1FF1C41920300B4BFDA /* GetWell.app */ = {isa = PBXFileReference; explicitFileType = wrapper.application; includeInIndex = 0; path = GetWell.app; sourceTree = BUILT_PRODUCTS_DIR; };
		4C66A2021C41920300B4BFDA /* AppDelegate.swift */ = {isa = PBXFileReference; lastKnownFileType = sourcecode.swift; path = AppDelegate.swift; sourceTree = "<group>"; };
		4C66A2071C41920300B4BFDA /* Base */ = {isa = PBXFileReference; lastKnownFileType = file.storyboard; name = Base; path = Base.lproj/Main.storyboard; sourceTree = "<group>"; };
		4C66A2091C41920300B4BFDA /* Assets.xcassets */ = {isa = PBXFileReference; lastKnownFileType = folder.assetcatalog; path = Assets.xcassets; sourceTree = "<group>"; };
		4C66A20C1C41920300B4BFDA /* Base */ = {isa = PBXFileReference; lastKnownFileType = file.storyboard; name = Base; path = Base.lproj/LaunchScreen.storyboard; sourceTree = "<group>"; };
		4C66A20E1C41920300B4BFDA /* Info.plist */ = {isa = PBXFileReference; lastKnownFileType = text.plist.xml; path = Info.plist; sourceTree = "<group>"; };
		4C66A2151C41B12D00B4BFDA /* LoginViewController.swift */ = {isa = PBXFileReference; fileEncoding = 4; lastKnownFileType = sourcecode.swift; path = LoginViewController.swift; sourceTree = "<group>"; };
		4C66A2161C41B12D00B4BFDA /* MainViewController.swift */ = {isa = PBXFileReference; fileEncoding = 4; lastKnownFileType = sourcecode.swift; path = MainViewController.swift; sourceTree = "<group>"; };
		4C66A2171C41B12D00B4BFDA /* MapViewController.swift */ = {isa = PBXFileReference; fileEncoding = 4; lastKnownFileType = sourcecode.swift; path = MapViewController.swift; sourceTree = "<group>"; };
		4C66A21C1C41B12D00B4BFDA /* MediaPlayerViewController.swift */ = {isa = PBXFileReference; fileEncoding = 4; lastKnownFileType = sourcecode.swift; path = MediaPlayerViewController.swift; sourceTree = "<group>"; };
		4C66A21D1C41B12D00B4BFDA /* PlaylistTableViewCell.swift */ = {isa = PBXFileReference; fileEncoding = 4; lastKnownFileType = sourcecode.swift; path = PlaylistTableViewCell.swift; sourceTree = "<group>"; };
		4C66A21E1C41B12D00B4BFDA /* PlaylistTableViewController.swift */ = {isa = PBXFileReference; fileEncoding = 4; lastKnownFileType = sourcecode.swift; path = PlaylistTableViewController.swift; sourceTree = "<group>"; };
		4C66A21F1C41B12D00B4BFDA /* RecordingViewController.swift */ = {isa = PBXFileReference; fileEncoding = 4; lastKnownFileType = sourcecode.swift; path = RecordingViewController.swift; sourceTree = "<group>"; };
		4C66A22B1C41B33300B4BFDA /* Song.swift */ = {isa = PBXFileReference; fileEncoding = 4; lastKnownFileType = sourcecode.swift; path = Song.swift; sourceTree = "<group>"; };
		4C66A22D1C41B35700B4BFDA /* RegisterViewController.swift */ = {isa = PBXFileReference; fileEncoding = 4; lastKnownFileType = sourcecode.swift; path = RegisterViewController.swift; sourceTree = "<group>"; };
		4C66A22F1C41B39300B4BFDA /* SetReminderPopOverViewController.swift */ = {isa = PBXFileReference; fileEncoding = 4; lastKnownFileType = sourcecode.swift; path = SetReminderPopOverViewController.swift; sourceTree = "<group>"; };
		4C66A2301C41B39300B4BFDA /* TableViewCell.swift */ = {isa = PBXFileReference; fileEncoding = 4; lastKnownFileType = sourcecode.swift; path = TableViewCell.swift; sourceTree = "<group>"; };
		4C66A2311C41B39300B4BFDA /* TableViewChkList.swift */ = {isa = PBXFileReference; fileEncoding = 4; lastKnownFileType = sourcecode.swift; path = TableViewChkList.swift; sourceTree = "<group>"; };
		4C802BA01C42B17400F5698C /* SessionOver.m4a */ = {isa = PBXFileReference; lastKnownFileType = file; path = SessionOver.m4a; sourceTree = "<group>"; };
		4C802BA11C42B6C300F5698C /* ParseHelper.swift */ = {isa = PBXFileReference; fileEncoding = 4; lastKnownFileType = sourcecode.swift; path = ParseHelper.swift; sourceTree = "<group>"; };
		4CB28E0B1C4478A800EF25CD /* MyCoreDataModel.xcdatamodel */ = {isa = PBXFileReference; lastKnownFileType = wrapper.xcdatamodel; path = MyCoreDataModel.xcdatamodel; sourceTree = "<group>"; };
		4CB28E0E1C4479F300EF25CD /* DataController.swift */ = {isa = PBXFileReference; fileEncoding = 4; lastKnownFileType = sourcecode.swift; path = DataController.swift; sourceTree = "<group>"; };
		4CB28E101C447BCB00EF25CD /* Affirmation+CoreDataProperties.swift */ = {isa = PBXFileReference; fileEncoding = 4; lastKnownFileType = sourcecode.swift; path = "Affirmation+CoreDataProperties.swift"; sourceTree = "<group>"; };
		4CB28E111C447BCB00EF25CD /* Affirmation.swift */ = {isa = PBXFileReference; fileEncoding = 4; lastKnownFileType = sourcecode.swift; path = Affirmation.swift; sourceTree = "<group>"; };
		5DD63A571C41ADB90063DCA4 /* GetWell-Bridging-Header.h */ = {isa = PBXFileReference; lastKnownFileType = sourcecode.c.h; path = "GetWell-Bridging-Header.h"; sourceTree = SOURCE_ROOT; };
		5DD63A5C1C41BA730063DCA4 /* cancelButton.png */ = {isa = PBXFileReference; lastKnownFileType = image.png; path = cancelButton.png; sourceTree = "<group>"; };
		5DD63A5D1C41BA730063DCA4 /* cancelButton@2x.png */ = {isa = PBXFileReference; lastKnownFileType = image.png; path = "cancelButton@2x.png"; sourceTree = "<group>"; };
		5DD63A5E1C41BA730063DCA4 /* cancelButton@3x.png */ = {isa = PBXFileReference; lastKnownFileType = image.png; path = "cancelButton@3x.png"; sourceTree = "<group>"; };
		5DD63A5F1C41BA730063DCA4 /* DownArrow.png */ = {isa = PBXFileReference; lastKnownFileType = image.png; path = DownArrow.png; sourceTree = "<group>"; };
		5DD63A601C41BA730063DCA4 /* gwArrow.png */ = {isa = PBXFileReference; lastKnownFileType = image.png; path = gwArrow.png; sourceTree = "<group>"; };
		5DD63A611C41BA730063DCA4 /* microphone2.png */ = {isa = PBXFileReference; lastKnownFileType = image.png; path = microphone2.png; sourceTree = "<group>"; };
		5DD63A631C41BA730063DCA4 /* NextB.png */ = {isa = PBXFileReference; lastKnownFileType = image.png; path = NextB.png; sourceTree = "<group>"; };
		5DD63A641C41BA730063DCA4 /* NextB@2x.png */ = {isa = PBXFileReference; lastKnownFileType = image.png; path = "NextB@2x.png"; sourceTree = "<group>"; };
		5DD63A651C41BA730063DCA4 /* NextBx@3x.png */ = {isa = PBXFileReference; lastKnownFileType = image.png; path = "NextBx@3x.png"; sourceTree = "<group>"; };
		5DD63A671C41BA730063DCA4 /* PlayPauseB.png */ = {isa = PBXFileReference; lastKnownFileType = image.png; path = PlayPauseB.png; sourceTree = "<group>"; };
		5DD63A681C41BA730063DCA4 /* PlayPauseB@2x.png */ = {isa = PBXFileReference; lastKnownFileType = image.png; path = "PlayPauseB@2x.png"; sourceTree = "<group>"; };
		5DD63A691C41BA730063DCA4 /* PlayPauseB@3x.png */ = {isa = PBXFileReference; lastKnownFileType = image.png; path = "PlayPauseB@3x.png"; sourceTree = "<group>"; };
		5DD63A6B1C41BA730063DCA4 /* PreviousB.png */ = {isa = PBXFileReference; lastKnownFileType = image.png; path = PreviousB.png; sourceTree = "<group>"; };
		5DD63A6C1C41BA730063DCA4 /* PreviousB@2x.png */ = {isa = PBXFileReference; lastKnownFileType = image.png; path = "PreviousB@2x.png"; sourceTree = "<group>"; };
		5DD63A6D1C41BA730063DCA4 /* PreviousB@3x.png */ = {isa = PBXFileReference; lastKnownFileType = image.png; path = "PreviousB@3x.png"; sourceTree = "<group>"; };
		5DD63A6F1C41BA730063DCA4 /* theReset.png */ = {isa = PBXFileReference; lastKnownFileType = image.png; path = theReset.png; sourceTree = "<group>"; };
		5DD63A701C41BA730063DCA4 /* theReset@2x.png */ = {isa = PBXFileReference; lastKnownFileType = image.png; path = "theReset@2x.png"; sourceTree = "<group>"; };
		5DD63A711C41BA730063DCA4 /* theReset@3x.png */ = {isa = PBXFileReference; lastKnownFileType = image.png; path = "theReset@3x.png"; sourceTree = "<group>"; };
		5DD63A721C41BA730063DCA4 /* soundicon.png */ = {isa = PBXFileReference; lastKnownFileType = image.png; path = soundicon.png; sourceTree = "<group>"; };
		5DD63A871C41BACC0063DCA4 /* checked@1x.png */ = {isa = PBXFileReference; lastKnownFileType = image.png; path = "checked@1x.png"; sourceTree = "<group>"; };
		5DD63A881C41BACC0063DCA4 /* checked@2x.png */ = {isa = PBXFileReference; lastKnownFileType = image.png; path = "checked@2x.png"; sourceTree = "<group>"; };
		5DD63A891C41BACC0063DCA4 /* checked@3x.png */ = {isa = PBXFileReference; lastKnownFileType = image.png; path = "checked@3x.png"; sourceTree = "<group>"; };
		5DD63A8A1C41BACC0063DCA4 /* unchecked@1x.png */ = {isa = PBXFileReference; lastKnownFileType = image.png; path = "unchecked@1x.png"; sourceTree = "<group>"; };
		5DD63A8B1C41BACC0063DCA4 /* unchecked@2x.png */ = {isa = PBXFileReference; lastKnownFileType = image.png; path = "unchecked@2x.png"; sourceTree = "<group>"; };
		5DD63A8C1C41BACC0063DCA4 /* unchecked@3x.png */ = {isa = PBXFileReference; lastKnownFileType = image.png; path = "unchecked@3x.png"; sourceTree = "<group>"; };
		5DD63A941C41BAE30063DCA4 /* Affirmation Page.jpg */ = {isa = PBXFileReference; lastKnownFileType = image.jpeg; path = "Affirmation Page.jpg"; sourceTree = "<group>"; };
		5DD63A951C41BAE30063DCA4 /* background.png */ = {isa = PBXFileReference; lastKnownFileType = image.png; path = background.png; sourceTree = "<group>"; };
		5DD63A961C41BAE30063DCA4 /* GetWellLogin2.jpg */ = {isa = PBXFileReference; lastKnownFileType = image.jpeg; path = GetWellLogin2.jpg; sourceTree = "<group>"; };
		5DD63A971C41BAE30063DCA4 /* GetWellLogin2a.png */ = {isa = PBXFileReference; lastKnownFileType = image.png; path = GetWellLogin2a.png; sourceTree = "<group>"; };
		5DD63A981C41BAE30063DCA4 /* GetWellSignUp22a.png */ = {isa = PBXFileReference; lastKnownFileType = image.png; path = GetWellSignUp22a.png; sourceTree = "<group>"; };
		5DD63A991C41BAE30063DCA4 /* GetWellSignUpFinal.png */ = {isa = PBXFileReference; lastKnownFileType = image.png; path = GetWellSignUpFinal.png; sourceTree = "<group>"; };
		5DD63A9A1C41BAE30063DCA4 /* newMediaSkin.jpg */ = {isa = PBXFileReference; lastKnownFileType = image.jpeg; path = newMediaSkin.jpg; sourceTree = "<group>"; };
		5DD63AA31C41BB070063DCA4 /* beginBreathing.png */ = {isa = PBXFileReference; lastKnownFileType = image.png; path = beginBreathing.png; sourceTree = "<group>"; };
		5DD63AA41C41BB070063DCA4 /* clearMind.png */ = {isa = PBXFileReference; lastKnownFileType = image.png; path = clearMind.png; sourceTree = "<group>"; };
		5DD63AA51C41BB070063DCA4 /* findYourMeditationImg2.png */ = {isa = PBXFileReference; lastKnownFileType = image.png; path = findYourMeditationImg2.png; sourceTree = "<group>"; };
		5DD63AA61C41BB070063DCA4 /* getComfortable.png */ = {isa = PBXFileReference; lastKnownFileType = image.png; path = getComfortable.png; sourceTree = "<group>"; };
		5DD63AAC1C41BB180063DCA4 /* Icon-40@2x.png */ = {isa = PBXFileReference; lastKnownFileType = image.png; path = "Icon-40@2x.png"; sourceTree = "<group>"; };
		5DD63AAD1C41BB180063DCA4 /* Icon-60@2x.png */ = {isa = PBXFileReference; lastKnownFileType = image.png; path = "Icon-60@2x.png"; sourceTree = "<group>"; };
		5DD63AAE1C41BB180063DCA4 /* Icon-60@3x.png */ = {isa = PBXFileReference; lastKnownFileType = image.png; path = "Icon-60@3x.png"; sourceTree = "<group>"; };
		5DD63AAF1C41BB180063DCA4 /* loadingIcon4.png */ = {isa = PBXFileReference; lastKnownFileType = image.png; path = loadingIcon4.png; sourceTree = "<group>"; };
		5DD63AB01C41BB180063DCA4 /* searchYogaButton.png */ = {isa = PBXFileReference; lastKnownFileType = image.png; path = searchYogaButton.png; sourceTree = "<group>"; };
		5DD63AB11C41BB180063DCA4 /* searchYogaButton2.png */ = {isa = PBXFileReference; lastKnownFileType = image.png; path = searchYogaButton2.png; sourceTree = "<group>"; };
		5DD63AB91C41BB4E0063DCA4 /* newBeachImg.png */ = {isa = PBXFileReference; lastKnownFileType = image.png; path = newBeachImg.png; sourceTree = "<group>"; };
		5DD63ABA1C41BB4E0063DCA4 /* newBirdsImg.png */ = {isa = PBXFileReference; lastKnownFileType = image.png; path = newBirdsImg.png; sourceTree = "<group>"; };
		5DD63ABB1C41BB4E0063DCA4 /* newCalmAffirmation.png */ = {isa = PBXFileReference; lastKnownFileType = image.png; path = newCalmAffirmation.png; sourceTree = "<group>"; };
		5DD63ABC1C41BB4E0063DCA4 /* newChillImg.png */ = {isa = PBXFileReference; lastKnownFileType = image.png; path = newChillImg.png; sourceTree = "<group>"; };
		5DD63ABD1C41BB4E0063DCA4 /* newCreekImg.png */ = {isa = PBXFileReference; lastKnownFileType = image.png; path = newCreekImg.png; sourceTree = "<group>"; };
		5DD63ABE1C41BB4E0063DCA4 /* newForestImg.png */ = {isa = PBXFileReference; lastKnownFileType = image.png; path = newForestImg.png; sourceTree = "<group>"; };
		5DD63ABF1C41BB4E0063DCA4 /* newHeavyRain.png */ = {isa = PBXFileReference; lastKnownFileType = image.png; path = newHeavyRain.png; sourceTree = "<group>"; };
		5DD63AC01C41BB4E0063DCA4 /* newMindPowerImg.png */ = {isa = PBXFileReference; lastKnownFileType = image.png; path = newMindPowerImg.png; sourceTree = "<group>"; };
		5DD63AC11C41BB4E0063DCA4 /* newRainImg.png */ = {isa = PBXFileReference; lastKnownFileType = image.png; path = newRainImg.png; sourceTree = "<group>"; };
		5DD63AC21C41BB4E0063DCA4 /* newRelaxingImg.png */ = {isa = PBXFileReference; lastKnownFileType = image.png; path = newRelaxingImg.png; sourceTree = "<group>"; };
		5DD63AC31C41BB4E0063DCA4 /* newRooftopImg.png */ = {isa = PBXFileReference; lastKnownFileType = image.png; path = newRooftopImg.png; sourceTree = "<group>"; };
		5DD63AC41C41BB4E0063DCA4 /* newSnowStormImg.png */ = {isa = PBXFileReference; lastKnownFileType = image.png; path = newSnowStormImg.png; sourceTree = "<group>"; };
		5DD63AC51C41BB4E0063DCA4 /* newThunderImg.png */ = {isa = PBXFileReference; lastKnownFileType = image.png; path = newThunderImg.png; sourceTree = "<group>"; };
		5DD63AC61C41BB4E0063DCA4 /* newTomorrowImg.png */ = {isa = PBXFileReference; lastKnownFileType = image.png; path = newTomorrowImg.png; sourceTree = "<group>"; };
		5DD63AC71C41BB4E0063DCA4 /* newWindLeavesImg.png */ = {isa = PBXFileReference; lastKnownFileType = image.png; path = newWindLeavesImg.png; sourceTree = "<group>"; };
		5DD63AD71C41BB830063DCA4 /* betterdaysahead.mp3 */ = {isa = PBXFileReference; lastKnownFileType = audio.mp3; path = betterdaysahead.mp3; sourceTree = "<group>"; };
		5DD63AD91C41BB940063DCA4 /* busygreenforest.mp3 */ = {isa = PBXFileReference; lastKnownFileType = audio.mp3; path = busygreenforest.mp3; sourceTree = "<group>"; };
		5DD63ADB1C41BBA10063DCA4 /* calmPeace.mp3 */ = {isa = PBXFileReference; lastKnownFileType = audio.mp3; path = calmPeace.mp3; sourceTree = "<group>"; };
		5DD63ADD1C41BBB00063DCA4 /* coldsnowstorm.mp3 */ = {isa = PBXFileReference; lastKnownFileType = audio.mp3; path = coldsnowstorm.mp3; sourceTree = "<group>"; };
		5DD63ADF1C41BBC00063DCA4 /* gentlewetcreek.mp3 */ = {isa = PBXFileReference; lastKnownFileType = audio.mp3; path = gentlewetcreek.mp3; sourceTree = "<group>"; };
		5DD63AE11C41BBCC0063DCA4 /* gwNewMindPower.mp3 */ = {isa = PBXFileReference; lastKnownFileType = audio.mp3; path = gwNewMindPower.mp3; sourceTree = "<group>"; };
		5DD63AE31C41BBDA0063DCA4 /* heavywetrain.mp3 */ = {isa = PBXFileReference; lastKnownFileType = audio.mp3; path = heavywetrain.mp3; sourceTree = "<group>"; };
		5DD63AE51C41BBE60063DCA4 /* leaveswind.mp3 */ = {isa = PBXFileReference; lastKnownFileType = audio.mp3; path = leaveswind.mp3; sourceTree = "<group>"; };
		5DD63AE71C41BBF70063DCA4 /* littlebirds.mp3 */ = {isa = PBXFileReference; lastKnownFileType = audio.mp3; path = littlebirds.mp3; sourceTree = "<group>"; };
		5DD63AE91C41BC090063DCA4 /* mytomorrow.mp3 */ = {isa = PBXFileReference; lastKnownFileType = audio.mp3; path = mytomorrow.mp3; sourceTree = "<group>"; };
		5DD63AEB1C41BC190063DCA4 /* rainOntheRooftop.mp3 */ = {isa = PBXFileReference; lastKnownFileType = audio.mp3; path = rainOntheRooftop.mp3; sourceTree = "<group>"; };
		5DD63AED1C41BC280063DCA4 /* rainy.mp3 */ = {isa = PBXFileReference; lastKnownFileType = audio.mp3; path = rainy.mp3; sourceTree = "<group>"; };
		5DD63AEF1C41BC340063DCA4 /* relaxingnovember.mp3 */ = {isa = PBXFileReference; lastKnownFileType = audio.mp3; path = relaxingnovember.mp3; sourceTree = "<group>"; };
		5DD63AF11C41BC470063DCA4 /* thebeautifulbeach.mp3 */ = {isa = PBXFileReference; lastKnownFileType = audio.mp3; path = thebeautifulbeach.mp3; sourceTree = "<group>"; };
		5DD63AF31C41BC550063DCA4 /* thunderlight.mp3 */ = {isa = PBXFileReference; lastKnownFileType = audio.mp3; path = thunderlight.mp3; sourceTree = "<group>"; };
		5DD63AF61C41C3BC0063DCA4 /* mainProfileImg.png */ = {isa = PBXFileReference; lastKnownFileType = image.png; name = mainProfileImg.png; path = ../mainProfileImg.png; sourceTree = "<group>"; };
		5DD63AF81C41EA2D0063DCA4 /* mainImage2.png */ = {isa = PBXFileReference; lastKnownFileType = image.png; name = mainImage2.png; path = ../mainImage2.png; sourceTree = "<group>"; };
		5DD63B021C41F2A90063DCA4 /* calendarImage2.png */ = {isa = PBXFileReference; lastKnownFileType = image.png; name = calendarImage2.png; path = ../calendarImage2.png; sourceTree = "<group>"; };
		5DD63B0A1C4209230063DCA4 /* uUncheckeD.png */ = {isa = PBXFileReference; lastKnownFileType = image.png; name = uUncheckeD.png; path = ../uUncheckeD.png; sourceTree = "<group>"; };
		5DD63B0C1C4209E90063DCA4 /* cHheckeD.png */ = {isa = PBXFileReference; lastKnownFileType = image.png; name = cHheckeD.png; path = ../cHheckeD.png; sourceTree = "<group>"; };
		5DD63B0E1C4217610063DCA4 /* Checklist.swift */ = {isa = PBXFileReference; fileEncoding = 4; lastKnownFileType = sourcecode.swift; path = Checklist.swift; sourceTree = "<group>"; };
		5DD63B101C421F550063DCA4 /* newMediaSkin2.png */ = {isa = PBXFileReference; lastKnownFileType = image.png; path = newMediaSkin2.png; sourceTree = "<group>"; };
		5DD63B121C423FCC0063DCA4 /* newCancelButton.png */ = {isa = PBXFileReference; lastKnownFileType = image.png; path = newCancelButton.png; sourceTree = "<group>"; };
		5DD63B131C423FCC0063DCA4 /* newGwArrow.png */ = {isa = PBXFileReference; lastKnownFileType = image.png; path = newGwArrow.png; sourceTree = "<group>"; };
		5DD63B141C423FCC0063DCA4 /* newMicrophone.png */ = {isa = PBXFileReference; lastKnownFileType = image.png; path = newMicrophone.png; sourceTree = "<group>"; };
		5DD63B151C423FCC0063DCA4 /* newNext.png */ = {isa = PBXFileReference; lastKnownFileType = image.png; path = newNext.png; sourceTree = "<group>"; };
		5DD63B161C423FCC0063DCA4 /* newPlay.png */ = {isa = PBXFileReference; lastKnownFileType = image.png; path = newPlay.png; sourceTree = "<group>"; };
		5DD63B171C423FCC0063DCA4 /* newPrevious.png */ = {isa = PBXFileReference; lastKnownFileType = image.png; path = newPrevious.png; sourceTree = "<group>"; };
		5DD63B181C423FCC0063DCA4 /* newReset.png */ = {isa = PBXFileReference; lastKnownFileType = image.png; path = newReset.png; sourceTree = "<group>"; };
		5DD63B191C423FCC0063DCA4 /* newSoundIcon.png */ = {isa = PBXFileReference; lastKnownFileType = image.png; path = newSoundIcon.png; sourceTree = "<group>"; };
		5DD63B221C42418B0063DCA4 /* newCancelButtonA.png */ = {isa = PBXFileReference; lastKnownFileType = image.png; path = newCancelButtonA.png; sourceTree = "<group>"; };
		5DD63B231C42418B0063DCA4 /* newGwArrowA.png */ = {isa = PBXFileReference; lastKnownFileType = image.png; path = newGwArrowA.png; sourceTree = "<group>"; };
		5DD63B241C42418B0063DCA4 /* newMicrophoneA.png */ = {isa = PBXFileReference; lastKnownFileType = image.png; path = newMicrophoneA.png; sourceTree = "<group>"; };
		5DD63B251C42418B0063DCA4 /* newResetA.png */ = {isa = PBXFileReference; lastKnownFileType = image.png; path = newResetA.png; sourceTree = "<group>"; };
		5DD63B2A1C4244790063DCA4 /* newMicrophoneb.png */ = {isa = PBXFileReference; lastKnownFileType = image.png; path = newMicrophoneb.png; sourceTree = "<group>"; };
		5DD63B2C1C4244F90063DCA4 /* newMicrophoneC.png */ = {isa = PBXFileReference; lastKnownFileType = image.png; path = newMicrophoneC.png; sourceTree = "<group>"; };
		5DD63B2E1C4245A80063DCA4 /* newMicrophoneD.png */ = {isa = PBXFileReference; lastKnownFileType = image.png; path = newMicrophoneD.png; sourceTree = "<group>"; };
		5DD63B301C42461F0063DCA4 /* newMicrophoneE.png */ = {isa = PBXFileReference; lastKnownFileType = image.png; path = newMicrophoneE.png; sourceTree = "<group>"; };
		5DD63B321C4246F00063DCA4 /* myMicrophone2.png */ = {isa = PBXFileReference; lastKnownFileType = image.png; path = myMicrophone2.png; sourceTree = "<group>"; };
		5DD63B341C4248650063DCA4 /* stopButton.png */ = {isa = PBXFileReference; lastKnownFileType = image.png; path = stopButton.png; sourceTree = "<group>"; };
		9C602676B433DB109FA1C0C8 /* Pods-GetWell.release.xcconfig */ = {isa = PBXFileReference; includeInIndex = 1; lastKnownFileType = text.xcconfig; name = "Pods-GetWell.release.xcconfig"; path = "Pods/Target Support Files/Pods-GetWell/Pods-GetWell.release.xcconfig"; sourceTree = "<group>"; };
		BBE4FD4065752F92C4A89F66 /* Pods-GetWell.debug.xcconfig */ = {isa = PBXFileReference; includeInIndex = 1; lastKnownFileType = text.xcconfig; name = "Pods-GetWell.debug.xcconfig"; path = "Pods/Target Support Files/Pods-GetWell/Pods-GetWell.debug.xcconfig"; sourceTree = "<group>"; };
		C0AB3C58CCC35B4189BB3E31 /* libPods-GetWell.a */ = {isa = PBXFileReference; explicitFileType = archive.ar; includeInIndex = 0; path = "libPods-GetWell.a"; sourceTree = BUILT_PRODUCTS_DIR; };
/* End PBXFileReference section */

/* Begin PBXFrameworksBuildPhase section */
		4C66A1FC1C41920300B4BFDA /* Frameworks */ = {
			isa = PBXFrameworksBuildPhase;
			buildActionMask = 2147483647;
			files = (
				E1281FCAC358DC7ECD4396D8 /* libPods-GetWell.a in Frameworks */,
			);
			runOnlyForDeploymentPostprocessing = 0;
		};
/* End PBXFrameworksBuildPhase section */

/* Begin PBXGroup section */
		4C66A1F61C41920300B4BFDA = {
			isa = PBXGroup;
			children = (
				4C66A2011C41920300B4BFDA /* GetWell */,
				4C66A2001C41920300B4BFDA /* Products */,
				C3E0F1B590CFD87B8BF909B0 /* Pods */,
				9A4BBA06CD87ADB2B0EF8C11 /* Frameworks */,
			);
			sourceTree = "<group>";
		};
		4C66A2001C41920300B4BFDA /* Products */ = {
			isa = PBXGroup;
			children = (
				4C66A1FF1C41920300B4BFDA /* GetWell.app */,
			);
			name = Products;
			sourceTree = "<group>";
		};
		4C66A2011C41920300B4BFDA /* GetWell */ = {
			isa = PBXGroup;
			children = (
				4C66A22B1C41B33300B4BFDA /* Song.swift */,
				4C802BA11C42B6C300F5698C /* ParseHelper.swift */,
				5DD63B0E1C4217610063DCA4 /* Checklist.swift */,
				4C66A2161C41B12D00B4BFDA /* MainViewController.swift */,
				4C66A2151C41B12D00B4BFDA /* LoginViewController.swift */,
				4C66A22D1C41B35700B4BFDA /* RegisterViewController.swift */,
				4C66A22F1C41B39300B4BFDA /* SetReminderPopOverViewController.swift */,
				4C66A2301C41B39300B4BFDA /* TableViewCell.swift */,
				4C66A2311C41B39300B4BFDA /* TableViewChkList.swift */,
				4C66A2171C41B12D00B4BFDA /* MapViewController.swift */,
				4C66A21C1C41B12D00B4BFDA /* MediaPlayerViewController.swift */,
				4C66A21D1C41B12D00B4BFDA /* PlaylistTableViewCell.swift */,
				4C66A21E1C41B12D00B4BFDA /* PlaylistTableViewController.swift */,
				4C66A21F1C41B12D00B4BFDA /* RecordingViewController.swift */,
				5DD63A571C41ADB90063DCA4 /* GetWell-Bridging-Header.h */,
				4C66A2061C41920300B4BFDA /* Main.storyboard */,
				5DD63AF51C41BC600063DCA4 /* GWSound */,
				5DD63AB81C41BB4E0063DCA4 /* UpdatedMediaImg */,
				5DD63AAB1C41BB180063DCA4 /* GWIcons */,
				5DD63AA21C41BB070063DCA4 /* GuideButtonImages */,
				5DD63A931C41BAE30063DCA4 /* GWSkin */,
				5DD63A861C41BACC0063DCA4 /* CheckedUnchecked */,
				5DD63A5A1C41BA730063DCA4 /* Buttons */,
				4C66A2141C41921100B4BFDA /* Misc */,
				4CB28E0D1C4478F800EF25CD /* CoreData */,
			);
			path = GetWell;
			sourceTree = "<group>";
		};
		4C66A2141C41921100B4BFDA /* Misc */ = {
			isa = PBXGroup;
			children = (
				4C66A2021C41920300B4BFDA /* AppDelegate.swift */,
				4C66A2091C41920300B4BFDA /* Assets.xcassets */,
				4C66A20B1C41920300B4BFDA /* LaunchScreen.storyboard */,
				4C66A20E1C41920300B4BFDA /* Info.plist */,
			);
			name = Misc;
			sourceTree = "<group>";
		};
		4CB28E0D1C4478F800EF25CD /* CoreData */ = {
			isa = PBXGroup;
			children = (
				4CB28E101C447BCB00EF25CD /* Affirmation+CoreDataProperties.swift */,
				4CB28E111C447BCB00EF25CD /* Affirmation.swift */,
				4CB28E0E1C4479F300EF25CD /* DataController.swift */,
				4CB28E0A1C4478A800EF25CD /* MyCoreDataModel.xcdatamodeld */,
			);
			name = CoreData;
			sourceTree = "<group>";
		};
		5DD63A5A1C41BA730063DCA4 /* Buttons */ = {
			isa = PBXGroup;
			children = (
				5DD63B341C4248650063DCA4 /* stopButton.png */,
				5DD63B321C4246F00063DCA4 /* myMicrophone2.png */,
				5DD63B301C42461F0063DCA4 /* newMicrophoneE.png */,
				5DD63B2E1C4245A80063DCA4 /* newMicrophoneD.png */,
				5DD63B2C1C4244F90063DCA4 /* newMicrophoneC.png */,
				5DD63B221C42418B0063DCA4 /* newCancelButtonA.png */,
				5DD63B231C42418B0063DCA4 /* newGwArrowA.png */,
				5DD63B2A1C4244790063DCA4 /* newMicrophoneb.png */,
				5DD63B241C42418B0063DCA4 /* newMicrophoneA.png */,
				5DD63B251C42418B0063DCA4 /* newResetA.png */,
				5DD63B121C423FCC0063DCA4 /* newCancelButton.png */,
				5DD63B131C423FCC0063DCA4 /* newGwArrow.png */,
				5DD63B141C423FCC0063DCA4 /* newMicrophone.png */,
				5DD63B151C423FCC0063DCA4 /* newNext.png */,
				5DD63B161C423FCC0063DCA4 /* newPlay.png */,
				5DD63B171C423FCC0063DCA4 /* newPrevious.png */,
				5DD63B181C423FCC0063DCA4 /* newReset.png */,
				5DD63B191C423FCC0063DCA4 /* newSoundIcon.png */,
				5DD63B0C1C4209E90063DCA4 /* cHheckeD.png */,
				5DD63B0A1C4209230063DCA4 /* uUncheckeD.png */,
				5DD63A5B1C41BA730063DCA4 /* cancelButton */,
				5DD63A5F1C41BA730063DCA4 /* DownArrow.png */,
				5DD63A601C41BA730063DCA4 /* gwArrow.png */,
				5DD63A611C41BA730063DCA4 /* microphone2.png */,
				5DD63A621C41BA730063DCA4 /* next */,
				5DD63A661C41BA730063DCA4 /* play */,
				5DD63A6A1C41BA730063DCA4 /* prev */,
				5DD63A6E1C41BA730063DCA4 /* reset */,
				5DD63A721C41BA730063DCA4 /* soundicon.png */,
			);
			name = Buttons;
			path = buttons;
			sourceTree = "<group>";
		};
		5DD63A5B1C41BA730063DCA4 /* cancelButton */ = {
			isa = PBXGroup;
			children = (
				5DD63A5C1C41BA730063DCA4 /* cancelButton.png */,
				5DD63A5D1C41BA730063DCA4 /* cancelButton@2x.png */,
				5DD63A5E1C41BA730063DCA4 /* cancelButton@3x.png */,
			);
			path = cancelButton;
			sourceTree = "<group>";
		};
		5DD63A621C41BA730063DCA4 /* next */ = {
			isa = PBXGroup;
			children = (
				5DD63A631C41BA730063DCA4 /* NextB.png */,
				5DD63A641C41BA730063DCA4 /* NextB@2x.png */,
				5DD63A651C41BA730063DCA4 /* NextBx@3x.png */,
			);
			path = next;
			sourceTree = "<group>";
		};
		5DD63A661C41BA730063DCA4 /* play */ = {
			isa = PBXGroup;
			children = (
				5DD63A671C41BA730063DCA4 /* PlayPauseB.png */,
				5DD63A681C41BA730063DCA4 /* PlayPauseB@2x.png */,
				5DD63A691C41BA730063DCA4 /* PlayPauseB@3x.png */,
			);
			path = play;
			sourceTree = "<group>";
		};
		5DD63A6A1C41BA730063DCA4 /* prev */ = {
			isa = PBXGroup;
			children = (
				5DD63A6B1C41BA730063DCA4 /* PreviousB.png */,
				5DD63A6C1C41BA730063DCA4 /* PreviousB@2x.png */,
				5DD63A6D1C41BA730063DCA4 /* PreviousB@3x.png */,
			);
			path = prev;
			sourceTree = "<group>";
		};
		5DD63A6E1C41BA730063DCA4 /* reset */ = {
			isa = PBXGroup;
			children = (
				5DD63A6F1C41BA730063DCA4 /* theReset.png */,
				5DD63A701C41BA730063DCA4 /* theReset@2x.png */,
				5DD63A711C41BA730063DCA4 /* theReset@3x.png */,
			);
			path = reset;
			sourceTree = "<group>";
		};
		5DD63A861C41BACC0063DCA4 /* CheckedUnchecked */ = {
			isa = PBXGroup;
			children = (
				5DD63A871C41BACC0063DCA4 /* checked@1x.png */,
				5DD63A881C41BACC0063DCA4 /* checked@2x.png */,
				5DD63A891C41BACC0063DCA4 /* checked@3x.png */,
				5DD63A8A1C41BACC0063DCA4 /* unchecked@1x.png */,
				5DD63A8B1C41BACC0063DCA4 /* unchecked@2x.png */,
				5DD63A8C1C41BACC0063DCA4 /* unchecked@3x.png */,
			);
			name = CheckedUnchecked;
			path = checkedUnchecked;
			sourceTree = "<group>";
		};
		5DD63A931C41BAE30063DCA4 /* GWSkin */ = {
			isa = PBXGroup;
			children = (
				5DD63B101C421F550063DCA4 /* newMediaSkin2.png */,
				5DD63AF61C41C3BC0063DCA4 /* mainProfileImg.png */,
				5DD63AF81C41EA2D0063DCA4 /* mainImage2.png */,
				5DD63A941C41BAE30063DCA4 /* Affirmation Page.jpg */,
				5DD63A951C41BAE30063DCA4 /* background.png */,
				5DD63A961C41BAE30063DCA4 /* GetWellLogin2.jpg */,
				5DD63A971C41BAE30063DCA4 /* GetWellLogin2a.png */,
				5DD63A981C41BAE30063DCA4 /* GetWellSignUp22a.png */,
				5DD63A991C41BAE30063DCA4 /* GetWellSignUpFinal.png */,
				5DD63A9A1C41BAE30063DCA4 /* newMediaSkin.jpg */,
			);
			name = GWSkin;
			path = GetWellSkin;
			sourceTree = "<group>";
		};
		5DD63AA21C41BB070063DCA4 /* GuideButtonImages */ = {
			isa = PBXGroup;
			children = (
				5DD63AA31C41BB070063DCA4 /* beginBreathing.png */,
				5DD63AA41C41BB070063DCA4 /* clearMind.png */,
				5DD63AA51C41BB070063DCA4 /* findYourMeditationImg2.png */,
				5DD63AA61C41BB070063DCA4 /* getComfortable.png */,
			);
			path = GuideButtonImages;
			sourceTree = "<group>";
		};
		5DD63AAB1C41BB180063DCA4 /* GWIcons */ = {
			isa = PBXGroup;
			children = (
				5DD63B021C41F2A90063DCA4 /* calendarImage2.png */,
				5DD63AAC1C41BB180063DCA4 /* Icon-40@2x.png */,
				5DD63AAD1C41BB180063DCA4 /* Icon-60@2x.png */,
				5DD63AAE1C41BB180063DCA4 /* Icon-60@3x.png */,
				5DD63AAF1C41BB180063DCA4 /* loadingIcon4.png */,
				5DD63AB01C41BB180063DCA4 /* searchYogaButton.png */,
				5DD63AB11C41BB180063DCA4 /* searchYogaButton2.png */,
			);
			name = GWIcons;
			path = gwIcons;
			sourceTree = "<group>";
		};
		5DD63AB81C41BB4E0063DCA4 /* UpdatedMediaImg */ = {
			isa = PBXGroup;
			children = (
				5DD63AB91C41BB4E0063DCA4 /* newBeachImg.png */,
				5DD63ABA1C41BB4E0063DCA4 /* newBirdsImg.png */,
				5DD63ABB1C41BB4E0063DCA4 /* newCalmAffirmation.png */,
				5DD63ABC1C41BB4E0063DCA4 /* newChillImg.png */,
				5DD63ABD1C41BB4E0063DCA4 /* newCreekImg.png */,
				5DD63ABE1C41BB4E0063DCA4 /* newForestImg.png */,
				5DD63ABF1C41BB4E0063DCA4 /* newHeavyRain.png */,
				5DD63AC01C41BB4E0063DCA4 /* newMindPowerImg.png */,
				5DD63AC11C41BB4E0063DCA4 /* newRainImg.png */,
				5DD63AC21C41BB4E0063DCA4 /* newRelaxingImg.png */,
				5DD63AC31C41BB4E0063DCA4 /* newRooftopImg.png */,
				5DD63AC41C41BB4E0063DCA4 /* newSnowStormImg.png */,
				5DD63AC51C41BB4E0063DCA4 /* newThunderImg.png */,
				5DD63AC61C41BB4E0063DCA4 /* newTomorrowImg.png */,
				5DD63AC71C41BB4E0063DCA4 /* newWindLeavesImg.png */,
			);
			path = UpdatedMediaImg;
			sourceTree = "<group>";
		};
		5DD63AF51C41BC600063DCA4 /* GWSound */ = {
			isa = PBXGroup;
			children = (
				4C802BA01C42B17400F5698C /* SessionOver.m4a */,
				5DD63AF31C41BC550063DCA4 /* thunderlight.mp3 */,
				5DD63AF11C41BC470063DCA4 /* thebeautifulbeach.mp3 */,
				5DD63AEF1C41BC340063DCA4 /* relaxingnovember.mp3 */,
				5DD63AED1C41BC280063DCA4 /* rainy.mp3 */,
				5DD63AEB1C41BC190063DCA4 /* rainOntheRooftop.mp3 */,
				5DD63AE91C41BC090063DCA4 /* mytomorrow.mp3 */,
				5DD63AE71C41BBF70063DCA4 /* littlebirds.mp3 */,
				5DD63AE51C41BBE60063DCA4 /* leaveswind.mp3 */,
				5DD63AE31C41BBDA0063DCA4 /* heavywetrain.mp3 */,
				5DD63AE11C41BBCC0063DCA4 /* gwNewMindPower.mp3 */,
				5DD63ADF1C41BBC00063DCA4 /* gentlewetcreek.mp3 */,
				5DD63ADD1C41BBB00063DCA4 /* coldsnowstorm.mp3 */,
				5DD63ADB1C41BBA10063DCA4 /* calmPeace.mp3 */,
				5DD63AD91C41BB940063DCA4 /* busygreenforest.mp3 */,
				5DD63AD71C41BB830063DCA4 /* betterdaysahead.mp3 */,
			);
			name = GWSound;
			sourceTree = "<group>";
		};
		9A4BBA06CD87ADB2B0EF8C11 /* Frameworks */ = {
			isa = PBXGroup;
			children = (
				C0AB3C58CCC35B4189BB3E31 /* libPods-GetWell.a */,
			);
			name = Frameworks;
			sourceTree = "<group>";
		};
		C3E0F1B590CFD87B8BF909B0 /* Pods */ = {
			isa = PBXGroup;
			children = (
				BBE4FD4065752F92C4A89F66 /* Pods-GetWell.debug.xcconfig */,
				9C602676B433DB109FA1C0C8 /* Pods-GetWell.release.xcconfig */,
			);
			name = Pods;
			sourceTree = "<group>";
		};
/* End PBXGroup section */

/* Begin PBXNativeTarget section */
		4C66A1FE1C41920300B4BFDA /* GetWell */ = {
			isa = PBXNativeTarget;
			buildConfigurationList = 4C66A2111C41920300B4BFDA /* Build configuration list for PBXNativeTarget "GetWell" */;
			buildPhases = (
				DDA99951ABC63712E00E6273 /* Check Pods Manifest.lock */,
				4C66A1FB1C41920300B4BFDA /* Sources */,
				4C66A1FC1C41920300B4BFDA /* Frameworks */,
				4C66A1FD1C41920300B4BFDA /* Resources */,
				5D9105A83A25B933198600AE /* Embed Pods Frameworks */,
				0794E4C4D6557F1DBE092082 /* Copy Pods Resources */,
			);
			buildRules = (
			);
			dependencies = (
			);
			name = GetWell;
			productName = GetWell;
			productReference = 4C66A1FF1C41920300B4BFDA /* GetWell.app */;
			productType = "com.apple.product-type.application";
		};
/* End PBXNativeTarget section */

/* Begin PBXProject section */
		4C66A1F71C41920300B4BFDA /* Project object */ = {
			isa = PBXProject;
			attributes = {
				LastSwiftUpdateCheck = 0720;
				LastUpgradeCheck = 0720;
				ORGANIZATIONNAME = GetWell;
				TargetAttributes = {
					4C66A1FE1C41920300B4BFDA = {
						CreatedOnToolsVersion = 7.2;
						DevelopmentTeam = 32355P55NQ;
					};
				};
			};
			buildConfigurationList = 4C66A1FA1C41920300B4BFDA /* Build configuration list for PBXProject "GetWell" */;
			compatibilityVersion = "Xcode 3.2";
			developmentRegion = English;
			hasScannedForEncodings = 0;
			knownRegions = (
				en,
				Base,
			);
			mainGroup = 4C66A1F61C41920300B4BFDA;
			productRefGroup = 4C66A2001C41920300B4BFDA /* Products */;
			projectDirPath = "";
			projectRoot = "";
			targets = (
				4C66A1FE1C41920300B4BFDA /* GetWell */,
			);
		};
/* End PBXProject section */

/* Begin PBXResourcesBuildPhase section */
		4C66A1FD1C41920300B4BFDA /* Resources */ = {
			isa = PBXResourcesBuildPhase;
			buildActionMask = 2147483647;
			files = (
				5DD63B0B1C4209230063DCA4 /* uUncheckeD.png in Resources */,
				5DD63ACB1C41BB4E0063DCA4 /* newChillImg.png in Resources */,
				5DD63ACA1C41BB4E0063DCA4 /* newCalmAffirmation.png in Resources */,
				5DD63A831C41BA730063DCA4 /* theReset@2x.png in Resources */,
				5DD63A9C1C41BAE30063DCA4 /* background.png in Resources */,
				5DD63B211C423FCC0063DCA4 /* newSoundIcon.png in Resources */,
				5DD63B1D1C423FCC0063DCA4 /* newNext.png in Resources */,
				5DD63B2B1C4244790063DCA4 /* newMicrophoneb.png in Resources */,
				5DD63A7B1C41BA730063DCA4 /* NextBx@3x.png in Resources */,
				5DD63A8E1C41BACC0063DCA4 /* checked@2x.png in Resources */,
				4C66A20D1C41920300B4BFDA /* LaunchScreen.storyboard in Resources */,
				5DD63AE21C41BBCC0063DCA4 /* gwNewMindPower.mp3 in Resources */,
				5DD63AB71C41BB180063DCA4 /* searchYogaButton2.png in Resources */,
				5DD63A9E1C41BAE30063DCA4 /* GetWellLogin2a.png in Resources */,
				5DD63AEE1C41BC280063DCA4 /* rainy.mp3 in Resources */,
				4C802BA31C42BC0B00F5698C /* SessionOver.m4a in Resources */,
				5DD63B0D1C4209E90063DCA4 /* cHheckeD.png in Resources */,
				5DD63AE81C41BBF70063DCA4 /* littlebirds.mp3 in Resources */,
				5DD63A7C1C41BA730063DCA4 /* PlayPauseB.png in Resources */,
				5DD63AD11C41BB4E0063DCA4 /* newRelaxingImg.png in Resources */,
				5DD63A761C41BA730063DCA4 /* DownArrow.png in Resources */,
				5DD63ACC1C41BB4E0063DCA4 /* newCreekImg.png in Resources */,
				5DD63AA11C41BAE30063DCA4 /* newMediaSkin.jpg in Resources */,
				5DD63A8D1C41BACC0063DCA4 /* checked@1x.png in Resources */,
				5DD63A841C41BA730063DCA4 /* theReset@3x.png in Resources */,
				5DD63B1E1C423FCC0063DCA4 /* newPlay.png in Resources */,
				5DD63A921C41BACC0063DCA4 /* unchecked@3x.png in Resources */,
				5DD63A851C41BA730063DCA4 /* soundicon.png in Resources */,
				5DD63AD31C41BB4E0063DCA4 /* newSnowStormImg.png in Resources */,
				5DD63AB61C41BB180063DCA4 /* searchYogaButton.png in Resources */,
				5DD63A7E1C41BA730063DCA4 /* PlayPauseB@3x.png in Resources */,
				5DD63B271C42418B0063DCA4 /* newGwArrowA.png in Resources */,
				5DD63B201C423FCC0063DCA4 /* newReset.png in Resources */,
				5DD63A781C41BA730063DCA4 /* microphone2.png in Resources */,
				5DD63B351C4248650063DCA4 /* stopButton.png in Resources */,
				5DD63AD01C41BB4E0063DCA4 /* newRainImg.png in Resources */,
				5DD63AA81C41BB070063DCA4 /* clearMind.png in Resources */,
				5DD63AD51C41BB4E0063DCA4 /* newTomorrowImg.png in Resources */,
				5DD63A8F1C41BACC0063DCA4 /* checked@3x.png in Resources */,
				5DD63A911C41BACC0063DCA4 /* unchecked@2x.png in Resources */,
				5DD63AF91C41EA2D0063DCA4 /* mainImage2.png in Resources */,
				5DD63AB41C41BB180063DCA4 /* Icon-60@3x.png in Resources */,
				5DD63ACE1C41BB4E0063DCA4 /* newHeavyRain.png in Resources */,
				5DD63B281C42418B0063DCA4 /* newMicrophoneA.png in Resources */,
				5DD63ACD1C41BB4E0063DCA4 /* newForestImg.png in Resources */,
				5DD63B1B1C423FCC0063DCA4 /* newGwArrow.png in Resources */,
				5DD63A9B1C41BAE30063DCA4 /* Affirmation Page.jpg in Resources */,
				5DD63AA71C41BB070063DCA4 /* beginBreathing.png in Resources */,
				5DD63A821C41BA730063DCA4 /* theReset.png in Resources */,
				5DD63A751C41BA730063DCA4 /* cancelButton@3x.png in Resources */,
				5DD63AD81C41BB830063DCA4 /* betterdaysahead.mp3 in Resources */,
				5DD63B261C42418B0063DCA4 /* newCancelButtonA.png in Resources */,
				5DD63AA91C41BB070063DCA4 /* findYourMeditationImg2.png in Resources */,
				5DD63A7A1C41BA730063DCA4 /* NextB@2x.png in Resources */,
				5DD63ADC1C41BBA10063DCA4 /* calmPeace.mp3 in Resources */,
				5DD63AD61C41BB4E0063DCA4 /* newWindLeavesImg.png in Resources */,
				5DD63A731C41BA730063DCA4 /* cancelButton.png in Resources */,
				5DD63AC81C41BB4E0063DCA4 /* newBeachImg.png in Resources */,
				5DD63AD21C41BB4E0063DCA4 /* newRooftopImg.png in Resources */,
				5DD63B1F1C423FCC0063DCA4 /* newPrevious.png in Resources */,
				5DD63A791C41BA730063DCA4 /* NextB.png in Resources */,
				5DD63AAA1C41BB070063DCA4 /* getComfortable.png in Resources */,
				5DD63A741C41BA730063DCA4 /* cancelButton@2x.png in Resources */,
				5DD63ADE1C41BBB00063DCA4 /* coldsnowstorm.mp3 in Resources */,
				5DD63B331C4246F00063DCA4 /* myMicrophone2.png in Resources */,
				5DD63B1A1C423FCC0063DCA4 /* newCancelButton.png in Resources */,
				5DD63A811C41BA730063DCA4 /* PreviousB@3x.png in Resources */,
				5DD63AEC1C41BC190063DCA4 /* rainOntheRooftop.mp3 in Resources */,
				5DD63AB31C41BB180063DCA4 /* Icon-60@2x.png in Resources */,
				5DD63AB21C41BB180063DCA4 /* Icon-40@2x.png in Resources */,
				5DD63AEA1C41BC090063DCA4 /* mytomorrow.mp3 in Resources */,
				4C66A20A1C41920300B4BFDA /* Assets.xcassets in Resources */,
				5DD63ADA1C41BB940063DCA4 /* busygreenforest.mp3 in Resources */,
				5DD63AF21C41BC470063DCA4 /* thebeautifulbeach.mp3 in Resources */,
				5DD63B2F1C4245A80063DCA4 /* newMicrophoneD.png in Resources */,
				5DD63AD41C41BB4E0063DCA4 /* newThunderImg.png in Resources */,
				5DD63AC91C41BB4E0063DCA4 /* newBirdsImg.png in Resources */,
				5DD63AE41C41BBDA0063DCA4 /* heavywetrain.mp3 in Resources */,
				5DD63AF41C41BC550063DCA4 /* thunderlight.mp3 in Resources */,
				5DD63B1C1C423FCC0063DCA4 /* newMicrophone.png in Resources */,
				4C66A2081C41920300B4BFDA /* Main.storyboard in Resources */,
				5DD63B2D1C4244F90063DCA4 /* newMicrophoneC.png in Resources */,
				5DD63A7D1C41BA730063DCA4 /* PlayPauseB@2x.png in Resources */,
				5DD63A901C41BACC0063DCA4 /* unchecked@1x.png in Resources */,
				5DD63B111C421F550063DCA4 /* newMediaSkin2.png in Resources */,
				5DD63AF71C41C3BC0063DCA4 /* mainProfileImg.png in Resources */,
				5DD63A801C41BA730063DCA4 /* PreviousB@2x.png in Resources */,
				5DD63B031C41F2A90063DCA4 /* calendarImage2.png in Resources */,
				5DD63AF01C41BC340063DCA4 /* relaxingnovember.mp3 in Resources */,
				5DD63B311C42461F0063DCA4 /* newMicrophoneE.png in Resources */,
				5DD63A771C41BA730063DCA4 /* gwArrow.png in Resources */,
				5DD63ACF1C41BB4E0063DCA4 /* newMindPowerImg.png in Resources */,
				5DD63A7F1C41BA730063DCA4 /* PreviousB.png in Resources */,
				5DD63AA01C41BAE30063DCA4 /* GetWellSignUpFinal.png in Resources */,
				5DD63B291C42418B0063DCA4 /* newResetA.png in Resources */,
				5DD63A9D1C41BAE30063DCA4 /* GetWellLogin2.jpg in Resources */,
				5DD63A9F1C41BAE30063DCA4 /* GetWellSignUp22a.png in Resources */,
				5DD63AB51C41BB180063DCA4 /* loadingIcon4.png in Resources */,
				5DD63AE61C41BBE60063DCA4 /* leaveswind.mp3 in Resources */,
				5DD63AE01C41BBC00063DCA4 /* gentlewetcreek.mp3 in Resources */,
			);
			runOnlyForDeploymentPostprocessing = 0;
		};
/* End PBXResourcesBuildPhase section */

/* Begin PBXShellScriptBuildPhase section */
		0794E4C4D6557F1DBE092082 /* Copy Pods Resources */ = {
			isa = PBXShellScriptBuildPhase;
			buildActionMask = 2147483647;
			files = (
			);
			inputPaths = (
			);
			name = "Copy Pods Resources";
			outputPaths = (
			);
			runOnlyForDeploymentPostprocessing = 0;
			shellPath = /bin/sh;
			shellScript = "\"${SRCROOT}/Pods/Target Support Files/Pods-GetWell/Pods-GetWell-resources.sh\"\n";
			showEnvVarsInLog = 0;
		};
		5D9105A83A25B933198600AE /* Embed Pods Frameworks */ = {
			isa = PBXShellScriptBuildPhase;
			buildActionMask = 2147483647;
			files = (
			);
			inputPaths = (
			);
			name = "Embed Pods Frameworks";
			outputPaths = (
			);
			runOnlyForDeploymentPostprocessing = 0;
			shellPath = /bin/sh;
			shellScript = "\"${SRCROOT}/Pods/Target Support Files/Pods-GetWell/Pods-GetWell-frameworks.sh\"\n";
			showEnvVarsInLog = 0;
		};
		DDA99951ABC63712E00E6273 /* Check Pods Manifest.lock */ = {
			isa = PBXShellScriptBuildPhase;
			buildActionMask = 2147483647;
			files = (
			);
			inputPaths = (
			);
			name = "Check Pods Manifest.lock";
			outputPaths = (
			);
			runOnlyForDeploymentPostprocessing = 0;
			shellPath = /bin/sh;
			shellScript = "diff \"${PODS_ROOT}/../Podfile.lock\" \"${PODS_ROOT}/Manifest.lock\" > /dev/null\nif [[ $? != 0 ]] ; then\n    cat << EOM\nerror: The sandbox is not in sync with the Podfile.lock. Run 'pod install' or update your CocoaPods installation.\nEOM\n    exit 1\nfi\n";
			showEnvVarsInLog = 0;
		};
/* End PBXShellScriptBuildPhase section */

/* Begin PBXSourcesBuildPhase section */
		4C66A1FB1C41920300B4BFDA /* Sources */ = {
			isa = PBXSourcesBuildPhase;
			buildActionMask = 2147483647;
			files = (
				4C66A22C1C41B33300B4BFDA /* Song.swift in Sources */,
				4C66A22E1C41B35700B4BFDA /* RegisterViewController.swift in Sources */,
				4CB28E121C447BCB00EF25CD /* Affirmation+CoreDataProperties.swift in Sources */,
				4C66A2211C41B12D00B4BFDA /* MainViewController.swift in Sources */,
				4C66A2271C41B12D00B4BFDA /* MediaPlayerViewController.swift in Sources */,
				4C66A2341C41B39300B4BFDA /* TableViewChkList.swift in Sources */,
				4CB28E131C447BCB00EF25CD /* Affirmation.swift in Sources */,
				4C66A2321C41B39300B4BFDA /* SetReminderPopOverViewController.swift in Sources */,
				5DD63B0F1C4217610063DCA4 /* Checklist.swift in Sources */,
				4CB28E0F1C4479F300EF25CD /* DataController.swift in Sources */,
				4C66A22A1C41B12D00B4BFDA /* RecordingViewController.swift in Sources */,
				4C66A2201C41B12D00B4BFDA /* LoginViewController.swift in Sources */,
				4C66A2281C41B12D00B4BFDA /* PlaylistTableViewCell.swift in Sources */,
				4C66A2291C41B12D00B4BFDA /* PlaylistTableViewController.swift in Sources */,
				4C66A2331C41B39300B4BFDA /* TableViewCell.swift in Sources */,
				4C66A2031C41920300B4BFDA /* AppDelegate.swift in Sources */,
				4C66A2221C41B12D00B4BFDA /* MapViewController.swift in Sources */,
				4CB28E0C1C4478A800EF25CD /* MyCoreDataModel.xcdatamodeld in Sources */,
				4C802BA21C42B6C300F5698C /* ParseHelper.swift in Sources */,
			);
			runOnlyForDeploymentPostprocessing = 0;
		};
/* End PBXSourcesBuildPhase section */

/* Begin PBXVariantGroup section */
		4C66A2061C41920300B4BFDA /* Main.storyboard */ = {
			isa = PBXVariantGroup;
			children = (
				4C66A2071C41920300B4BFDA /* Base */,
			);
			name = Main.storyboard;
			sourceTree = "<group>";
		};
		4C66A20B1C41920300B4BFDA /* LaunchScreen.storyboard */ = {
			isa = PBXVariantGroup;
			children = (
				4C66A20C1C41920300B4BFDA /* Base */,
			);
			name = LaunchScreen.storyboard;
			sourceTree = "<group>";
		};
/* End PBXVariantGroup section */

/* Begin XCBuildConfiguration section */
		4C66A20F1C41920300B4BFDA /* Debug */ = {
			isa = XCBuildConfiguration;
			buildSettings = {
				ALWAYS_SEARCH_USER_PATHS = NO;
				CLANG_CXX_LANGUAGE_STANDARD = "gnu++0x";
				CLANG_CXX_LIBRARY = "libc++";
				CLANG_ENABLE_MODULES = YES;
				CLANG_ENABLE_OBJC_ARC = YES;
				CLANG_WARN_BOOL_CONVERSION = YES;
				CLANG_WARN_CONSTANT_CONVERSION = YES;
				CLANG_WARN_DIRECT_OBJC_ISA_USAGE = YES_ERROR;
				CLANG_WARN_EMPTY_BODY = YES;
				CLANG_WARN_ENUM_CONVERSION = YES;
				CLANG_WARN_INT_CONVERSION = YES;
				CLANG_WARN_OBJC_ROOT_CLASS = YES_ERROR;
				CLANG_WARN_UNREACHABLE_CODE = YES;
				CLANG_WARN__DUPLICATE_METHOD_MATCH = YES;
				"CODE_SIGN_IDENTITY[sdk=iphoneos*]" = "iPhone Developer";
				COPY_PHASE_STRIP = NO;
				DEBUG_INFORMATION_FORMAT = dwarf;
				ENABLE_STRICT_OBJC_MSGSEND = YES;
				ENABLE_TESTABILITY = YES;
				GCC_C_LANGUAGE_STANDARD = gnu99;
				GCC_DYNAMIC_NO_PIC = NO;
				GCC_NO_COMMON_BLOCKS = YES;
				GCC_OPTIMIZATION_LEVEL = 0;
				GCC_PREPROCESSOR_DEFINITIONS = (
					"DEBUG=1",
					"$(inherited)",
				);
				GCC_WARN_64_TO_32_BIT_CONVERSION = YES;
				GCC_WARN_ABOUT_RETURN_TYPE = YES_ERROR;
				GCC_WARN_UNDECLARED_SELECTOR = YES;
				GCC_WARN_UNINITIALIZED_AUTOS = YES_AGGRESSIVE;
				GCC_WARN_UNUSED_FUNCTION = YES;
				GCC_WARN_UNUSED_VARIABLE = YES;
				IPHONEOS_DEPLOYMENT_TARGET = 9.2;
				MTL_ENABLE_DEBUG_INFO = YES;
				ONLY_ACTIVE_ARCH = YES;
				SDKROOT = iphoneos;
				SWIFT_OPTIMIZATION_LEVEL = "-Onone";
			};
			name = Debug;
		};
		4C66A2101C41920300B4BFDA /* Release */ = {
			isa = XCBuildConfiguration;
			buildSettings = {
				ALWAYS_SEARCH_USER_PATHS = NO;
				CLANG_CXX_LANGUAGE_STANDARD = "gnu++0x";
				CLANG_CXX_LIBRARY = "libc++";
				CLANG_ENABLE_MODULES = YES;
				CLANG_ENABLE_OBJC_ARC = YES;
				CLANG_WARN_BOOL_CONVERSION = YES;
				CLANG_WARN_CONSTANT_CONVERSION = YES;
				CLANG_WARN_DIRECT_OBJC_ISA_USAGE = YES_ERROR;
				CLANG_WARN_EMPTY_BODY = YES;
				CLANG_WARN_ENUM_CONVERSION = YES;
				CLANG_WARN_INT_CONVERSION = YES;
				CLANG_WARN_OBJC_ROOT_CLASS = YES_ERROR;
				CLANG_WARN_UNREACHABLE_CODE = YES;
				CLANG_WARN__DUPLICATE_METHOD_MATCH = YES;
				"CODE_SIGN_IDENTITY[sdk=iphoneos*]" = "iPhone Developer";
				COPY_PHASE_STRIP = NO;
				DEBUG_INFORMATION_FORMAT = "dwarf-with-dsym";
				ENABLE_NS_ASSERTIONS = NO;
				ENABLE_STRICT_OBJC_MSGSEND = YES;
				GCC_C_LANGUAGE_STANDARD = gnu99;
				GCC_NO_COMMON_BLOCKS = YES;
				GCC_WARN_64_TO_32_BIT_CONVERSION = YES;
				GCC_WARN_ABOUT_RETURN_TYPE = YES_ERROR;
				GCC_WARN_UNDECLARED_SELECTOR = YES;
				GCC_WARN_UNINITIALIZED_AUTOS = YES_AGGRESSIVE;
				GCC_WARN_UNUSED_FUNCTION = YES;
				GCC_WARN_UNUSED_VARIABLE = YES;
				IPHONEOS_DEPLOYMENT_TARGET = 9.2;
				MTL_ENABLE_DEBUG_INFO = NO;
				SDKROOT = iphoneos;
				VALIDATE_PRODUCT = YES;
			};
			name = Release;
		};
		4C66A2121C41920300B4BFDA /* Debug */ = {
			isa = XCBuildConfiguration;
			baseConfigurationReference = BBE4FD4065752F92C4A89F66 /* Pods-GetWell.debug.xcconfig */;
			buildSettings = {
				ASSETCATALOG_COMPILER_APPICON_NAME = AppIcon;
				CLANG_ENABLE_MODULES = YES;
				INFOPLIST_FILE = GetWell/Info.plist;
				LD_RUNPATH_SEARCH_PATHS = "$(inherited) @executable_path/Frameworks";
				PRODUCT_BUNDLE_IDENTIFIER = com.tiy.GetWell;
				PRODUCT_NAME = "$(TARGET_NAME)";
				SWIFT_OBJC_BRIDGING_HEADER = "GetWell-Bridging-Header.h";
				SWIFT_OPTIMIZATION_LEVEL = "-Onone";
			};
			name = Debug;
		};
		4C66A2131C41920300B4BFDA /* Release */ = {
			isa = XCBuildConfiguration;
			baseConfigurationReference = 9C602676B433DB109FA1C0C8 /* Pods-GetWell.release.xcconfig */;
			buildSettings = {
				ASSETCATALOG_COMPILER_APPICON_NAME = AppIcon;
				CLANG_ENABLE_MODULES = YES;
				INFOPLIST_FILE = GetWell/Info.plist;
				LD_RUNPATH_SEARCH_PATHS = "$(inherited) @executable_path/Frameworks";
				PRODUCT_BUNDLE_IDENTIFIER = com.tiy.GetWell;
				PRODUCT_NAME = "$(TARGET_NAME)";
				SWIFT_OBJC_BRIDGING_HEADER = "GetWell-Bridging-Header.h";
			};
			name = Release;
		};
/* End XCBuildConfiguration section */

/* Begin XCConfigurationList section */
		4C66A1FA1C41920300B4BFDA /* Build configuration list for PBXProject "GetWell" */ = {
			isa = XCConfigurationList;
			buildConfigurations = (
				4C66A20F1C41920300B4BFDA /* Debug */,
				4C66A2101C41920300B4BFDA /* Release */,
			);
			defaultConfigurationIsVisible = 0;
			defaultConfigurationName = Release;
		};
		4C66A2111C41920300B4BFDA /* Build configuration list for PBXNativeTarget "GetWell" */ = {
			isa = XCConfigurationList;
			buildConfigurations = (
				4C66A2121C41920300B4BFDA /* Debug */,
				4C66A2131C41920300B4BFDA /* Release */,
			);
			defaultConfigurationIsVisible = 0;
			defaultConfigurationName = Release;
		};
/* End XCConfigurationList section */

/* Begin XCVersionGroup section */
		4CB28E0A1C4478A800EF25CD /* MyCoreDataModel.xcdatamodeld */ = {
			isa = XCVersionGroup;
			children = (
				4CB28E0B1C4478A800EF25CD /* MyCoreDataModel.xcdatamodel */,
			);
			currentVersion = 4CB28E0B1C4478A800EF25CD /* MyCoreDataModel.xcdatamodel */;
			path = MyCoreDataModel.xcdatamodeld;
			sourceTree = "<group>";
			versionGroupType = wrapper.xcdatamodel;
		};
/* End XCVersionGroup section */
	};
	rootObject = 4C66A1F71C41920300B4BFDA /* Project object */;
}
